// !$*UTF8*$!
{
	archiveVersion = 1;
	classes = {
	};
	objectVersion = 56;
	objects = {

/* Begin PBXBuildFile section */
		015071CFB03747F1C83ED6E6 /* FavoritesPresenter.swift in Sources */ = {isa = PBXBuildFile; fileRef = 2A5F3571CC8D172D47594825 /* FavoritesPresenter.swift */; };
		04460AAB2B9D97BC0065D50C /* FavoritesStorageService.swift in Sources */ = {isa = PBXBuildFile; fileRef = 04460AAA2B9D97BC0065D50C /* FavoritesStorageService.swift */; };
		0469A1CE2B923227006F349A /* StorageFavorites.swift in Sources */ = {isa = PBXBuildFile; fileRef = 0469A1CD2B923227006F349A /* StorageFavorites.swift */; };
		0469A1D02B931FCB006F349A /* BasketView.swift in Sources */ = {isa = PBXBuildFile; fileRef = 0469A1CF2B931FCB006F349A /* BasketView.swift */; };
		0469A20E2B9605D5006F349A /* LoginPresenter.swift in Sources */ = {isa = PBXBuildFile; fileRef = 0469A20D2B9605D5006F349A /* LoginPresenter.swift */; };
		0469A25F2B984E88006F349A /* State.swift in Sources */ = {isa = PBXBuildFile; fileRef = 0469A25E2B984E88006F349A /* State.swift */; };
		0469A2C72B98B207006F349A /* StateButton.swift in Sources */ = {isa = PBXBuildFile; fileRef = 0469A2C62B98B207006F349A /* StateButton.swift */; };
		047A505C2B99A2E700797AAD /* User.swift in Sources */ = {isa = PBXBuildFile; fileRef = 047A505B2B99A2E700797AAD /* User.swift */; };
		047A505E2B99A34200797AAD /* UserCaretaker.swift in Sources */ = {isa = PBXBuildFile; fileRef = 047A505D2B99A34200797AAD /* UserCaretaker.swift */; };
		047A50602B99D48200797AAD /* UserOriginator.swift in Sources */ = {isa = PBXBuildFile; fileRef = 047A505F2B99D48200797AAD /* UserOriginator.swift */; };
		047A50622B99EBD300797AAD /* UserMemento.swift in Sources */ = {isa = PBXBuildFile; fileRef = 047A50612B99EBD300797AAD /* UserMemento.swift */; };
		04861E512BA08EF400921137 /* NetworkService.swift in Sources */ = {isa = PBXBuildFile; fileRef = 04861E502BA08EF400921137 /* NetworkService.swift */; };
		04861E5A2BA0C75200921137 /* Detalis.swift in Sources */ = {isa = PBXBuildFile; fileRef = 04861E592BA0C75200921137 /* Detalis.swift */; };
		04861E5C2BA0F72C00921137 /* RequestCreator.swift in Sources */ = {isa = PBXBuildFile; fileRef = 04861E5B2BA0F72C00921137 /* RequestCreator.swift */; };
		04FEC31A2B8F94010091D767 /* CategoryViewController.swift in Sources */ = {isa = PBXBuildFile; fileRef = 04FEC3192B8F94010091D767 /* CategoryViewController.swift */; };
		04FEC31D2B8F94500091D767 /* CategoryPresenter.swift in Sources */ = {isa = PBXBuildFile; fileRef = 04FEC31C2B8F94500091D767 /* CategoryPresenter.swift */; };
		04FEC31F2B8F945C0091D767 /* Recipes.swift in Sources */ = {isa = PBXBuildFile; fileRef = 04FEC31E2B8F945C0091D767 /* Recipes.swift */; };
		04FEC32D2B8F9EB60091D767 /* RecipeCell.swift in Sources */ = {isa = PBXBuildFile; fileRef = 04FEC32C2B8F9EB60091D767 /* RecipeCell.swift */; };
		04FEC3312B90B2D00091D767 /* StorageRecipes.swift in Sources */ = {isa = PBXBuildFile; fileRef = 04FEC3302B90B2D00091D767 /* StorageRecipes.swift */; };
		12BB284FF2ACBC8F06288E15 /* UIView+Extension.swift in Sources */ = {isa = PBXBuildFile; fileRef = 008E79B398C0013840C670AA /* UIView+Extension.swift */; };
		16983A61F50F4264F0AAFC71 /* Bonus.swift in Sources */ = {isa = PBXBuildFile; fileRef = 7F6A4A22F74191B2876F487D /* Bonus.swift */; };
		1BF3BBA0AE4AEFF3F97228A9 /* Main.storyboard in Resources */ = {isa = PBXBuildFile; fileRef = 38EF68AA2BBA5083D179CDBD /* Main.storyboard */; };
		1C3A9F21A21CB3F8D2D21D3A /* LogOut.swift in Sources */ = {isa = PBXBuildFile; fileRef = BF07FFAB2A4950F3CB0D0270 /* LogOut.swift */; };
		276D51793032EA26BBFEB2A7 /* Info.swift in Sources */ = {isa = PBXBuildFile; fileRef = 8B5FA87BA36174337E50A579 /* Info.swift */; };
		33FF6C9945DC5EF6B190119C /* Terms.swift in Sources */ = {isa = PBXBuildFile; fileRef = 554379734FD2678B9D23101F /* Terms.swift */; };
		360A7FFC4D48100CF9191E84 /* FavoritesViewController.swift in Sources */ = {isa = PBXBuildFile; fileRef = B7CDFDB9112C6B0542569E2E /* FavoritesViewController.swift */; };
		3D1E8686A7D68154B8D22B97 /* MainTabBarBuilder.swift in Sources */ = {isa = PBXBuildFile; fileRef = 3311F56500FCEE966D4540C5 /* MainTabBarBuilder.swift */; };
		47AFC27B68C73BEF473E8B74 /* AppDelegate.swift in Sources */ = {isa = PBXBuildFile; fileRef = 8670DA7EEA628144C04EC143 /* AppDelegate.swift */; };
		487C6D29AEAC58096001FD9B /* CellsTypes.swift in Sources */ = {isa = PBXBuildFile; fileRef = BCE1220110B1B271B68BFCC0 /* CellsTypes.swift */; };
		4B73D309DEAD3C1A35B0DF98 /* ProfileViewController.swift in Sources */ = {isa = PBXBuildFile; fileRef = A5C4C3C51B154F693F5763D6 /* ProfileViewController.swift */; };
		4F0E92857560E63842C896D1 /* Profile.swift in Sources */ = {isa = PBXBuildFile; fileRef = 3E9C1858EF6574D1EE7BF18A /* Profile.swift */; };
		54DF258E94B828A5495E0902 /* AppConstants.swift in Sources */ = {isa = PBXBuildFile; fileRef = 1DB3A7D00C9C573EE7CEB3C5 /* AppConstants.swift */; };
		5EFC07E4EBB455E1FF8A82AC /* MainTabBarViewController.swift in Sources */ = {isa = PBXBuildFile; fileRef = F1C0200EE0C3DC7F4E1284E5 /* MainTabBarViewController.swift */; };
		677C5F0B54989AC003ED1292 /* LaunchScreen.storyboard in Resources */ = {isa = PBXBuildFile; fileRef = E1F27B60849A7196363239AB /* LaunchScreen.storyboard */; };
		69BC773F1FE7F038321E12A2 /* FavoritesCoordinator.swift in Sources */ = {isa = PBXBuildFile; fileRef = 69900E2CE095E2CA61DC1F08 /* FavoritesCoordinator.swift */; };
		6BFD435F7249D6C74016FE4A /* LogOutTableViewCell.swift in Sources */ = {isa = PBXBuildFile; fileRef = 5622EB8677C0468C9CC60E14 /* LogOutTableViewCell.swift */; };
		70419907185A5729727C7ABB /* RecipesPresenter.swift in Sources */ = {isa = PBXBuildFile; fileRef = E7936ED31A5297ACC97C1548 /* RecipesPresenter.swift */; };
		726A807D43AEF794A712114F /* ProfileCoordinator.swift in Sources */ = {isa = PBXBuildFile; fileRef = F82600648C6D1A4FD7643B0C /* ProfileCoordinator.swift */; };
		7624FE4A1C1A909CD406CC67 /* LoginViewControllerCoordinator.swift in Sources */ = {isa = PBXBuildFile; fileRef = B43059680E6A6B04821CCCB5 /* LoginViewControllerCoordinator.swift */; };
		788649B3899EA19983CDBE6D /* BonusesPresenter.swift in Sources */ = {isa = PBXBuildFile; fileRef = 7AC8557BF2D8A9C6E20F38E4 /* BonusesPresenter.swift */; };
		7EEA770942ADA3FF3BD5798F /* CategoryType.swift in Sources */ = {isa = PBXBuildFile; fileRef = 4D5B6E3F5B6FB8ED46FE9980 /* CategoryType.swift */; };
		85668033CE189CFC2EE1EC8F /* LoginCoordinator.swift in Sources */ = {isa = PBXBuildFile; fileRef = 30707CE48FDE47EEE5E92BFD /* LoginCoordinator.swift */; };
		8D2B7E9120A126911D6EF3A3 /* Bonuses.swift in Sources */ = {isa = PBXBuildFile; fileRef = 757B69C924B03C0A6A9B0D75 /* Bonuses.swift */; };
		92B85DE393ADE8B04925252A /* LoginViewController.swift in Sources */ = {isa = PBXBuildFile; fileRef = EC78B0E2C10F00A01BCEC4D3 /* LoginViewController.swift */; };
		981F24736C3C9CB2FD809B23 /* CellProtocol.swift in Sources */ = {isa = PBXBuildFile; fileRef = 1507AE6FE0F316A788136337 /* CellProtocol.swift */; };
		995902DCA50F73D6B693F43A /* ProfilePresenter.swift in Sources */ = {isa = PBXBuildFile; fileRef = 670AD90FC89A7C634CCD3A2B /* ProfilePresenter.swift */; };
		B74658D99DAE048F54FE7624 /* Favorites.swift in Sources */ = {isa = PBXBuildFile; fileRef = 036CDB27228B00761E3B8BF5 /* Favorites.swift */; };
		B9B4FD3C53A944F5AC43F825 /* RecipesViewController.swift in Sources */ = {isa = PBXBuildFile; fileRef = 05C175DA0ADB8C7AEB0D8A50 /* RecipesViewController.swift */; };
		C177D56382AE30999FEA8D1F /* BonusesViewController.swift in Sources */ = {isa = PBXBuildFile; fileRef = DFA766C1B032D41608CE4B12 /* BonusesViewController.swift */; };
		C351D4276F1D79BC55843406 /* Assets.xcassets in Resources */ = {isa = PBXBuildFile; fileRef = 37F13A5766A56F66215C9B31 /* Assets.xcassets */; };
		C861CB10BCDA448E2535EB7B /* AppCoordinator.swift in Sources */ = {isa = PBXBuildFile; fileRef = A0F38BC510509B99069C741C /* AppCoordinator.swift */; };
		C93EFBD768DBA88B24DD00B3 /* TermsPolicyView.swift in Sources */ = {isa = PBXBuildFile; fileRef = 524FAA8AE162111DE0A3701F /* TermsPolicyView.swift */; };
		C9CC647361C65913273A1AAA /* BaseCoordinator.swift in Sources */ = {isa = PBXBuildFile; fileRef = 43FAC47DFBC9B39320A52A96 /* BaseCoordinator.swift */; };
		CEEB83723799F51874159F69 /* RecipesCoordinator.swift in Sources */ = {isa = PBXBuildFile; fileRef = DCC1C1AA5970D18441704760 /* RecipesCoordinator.swift */; };
		DF74EB171B6BB6DA1FE55530 /* BonusesTableViewCell.swift in Sources */ = {isa = PBXBuildFile; fileRef = 46147285A87956B9BFDFBD03 /* BonusesTableViewCell.swift */; };
		E40C6F1705DBD7B27FBA0796 /* InfoTableViewCell.swift in Sources */ = {isa = PBXBuildFile; fileRef = A857425DCBD2DCED9671C1B7 /* InfoTableViewCell.swift */; };
		EC76E24A30F24713BD49711D /* TermsTableViewCell.swift in Sources */ = {isa = PBXBuildFile; fileRef = E4F39E528952CCE47B1865BB /* TermsTableViewCell.swift */; };
		ECB98BF27F96C17F3BF0C185 /* SceneDelegate.swift in Sources */ = {isa = PBXBuildFile; fileRef = C9A3671F8DF2A330D2A9CCF1 /* SceneDelegate.swift */; };
		ED0EA8402BA246B000A757E1 /* ErrorView.swift in Sources */ = {isa = PBXBuildFile; fileRef = ED0EA83F2BA246B000A757E1 /* ErrorView.swift */; };
		ED0EA86A2BA3396A00A757E1 /* ShimmerImageTableViewCell.swift in Sources */ = {isa = PBXBuildFile; fileRef = ED0EA8692BA3396A00A757E1 /* ShimmerImageTableViewCell.swift */; };
		ED22ED8A2BA238F9001D919C /* UIImage+Extension.swift in Sources */ = {isa = PBXBuildFile; fileRef = ED22ED892BA238F9001D919C /* UIImage+Extension.swift */; };
		ED6537CE2B91920D005C8BE2 /* StorageCategory.swift in Sources */ = {isa = PBXBuildFile; fileRef = ED6537CD2B91920D005C8BE2 /* StorageCategory.swift */; };
		ED6537D42B91E05D005C8BE2 /* RecipeDetailViewController.swift in Sources */ = {isa = PBXBuildFile; fileRef = ED6537D32B91E05D005C8BE2 /* RecipeDetailViewController.swift */; };
		ED6537D62B91E07A005C8BE2 /* DetailPresenter.swift in Sources */ = {isa = PBXBuildFile; fileRef = ED6537D52B91E07A005C8BE2 /* DetailPresenter.swift */; };
		ED6537DC2B91F1F0005C8BE2 /* DetailCellType.swift in Sources */ = {isa = PBXBuildFile; fileRef = ED6537DB2B91F1F0005C8BE2 /* DetailCellType.swift */; };
		ED6537DE2B91F297005C8BE2 /* RecipeDetailProtocol.swift in Sources */ = {isa = PBXBuildFile; fileRef = ED6537DD2B91F297005C8BE2 /* RecipeDetailProtocol.swift */; };
		ED6537E02B91F2B9005C8BE2 /* Text.swift in Sources */ = {isa = PBXBuildFile; fileRef = ED6537DF2B91F2B9005C8BE2 /* Text.swift */; };
		ED6537E22B91F2CD005C8BE2 /* InfoRecipe.swift in Sources */ = {isa = PBXBuildFile; fileRef = ED6537E12B91F2CD005C8BE2 /* InfoRecipe.swift */; };
		ED6537E42B91F2DB005C8BE2 /* Image.swift in Sources */ = {isa = PBXBuildFile; fileRef = ED6537E32B91F2DB005C8BE2 /* Image.swift */; };
		ED6537E62B91F48A005C8BE2 /* ImageTableViewCell.swift in Sources */ = {isa = PBXBuildFile; fileRef = ED6537E52B91F48A005C8BE2 /* ImageTableViewCell.swift */; };
		ED6537E82B91F49B005C8BE2 /* InfoRecipeTableViewCell.swift in Sources */ = {isa = PBXBuildFile; fileRef = ED6537E72B91F49B005C8BE2 /* InfoRecipeTableViewCell.swift */; };
		ED6537EA2B91F4AB005C8BE2 /* TextTableViewCell.swift in Sources */ = {isa = PBXBuildFile; fileRef = ED6537E92B91F4AB005C8BE2 /* TextTableViewCell.swift */; };
		ED6537EC2B94911B005C8BE2 /* RecipeDetail.swift in Sources */ = {isa = PBXBuildFile; fileRef = ED6537EB2B94911B005C8BE2 /* RecipeDetail.swift */; };
		ED6537EE2B94A174005C8BE2 /* StorageDetail.swift in Sources */ = {isa = PBXBuildFile; fileRef = ED6537ED2B94A174005C8BE2 /* StorageDetail.swift */; };
		ED9F30A32B8F640F0069D8E2 /* TypeAlias.swift in Sources */ = {isa = PBXBuildFile; fileRef = ED9F30A22B8F640F0069D8E2 /* TypeAlias.swift */; };
		ED9F30A82B8FBEB70069D8E2 /* CategoryCollectionViewCell.swift in Sources */ = {isa = PBXBuildFile; fileRef = ED9F30A72B8FBEB70069D8E2 /* CategoryCollectionViewCell.swift */; };
		ED9F30AA2B8FBED00069D8E2 /* Category.swift in Sources */ = {isa = PBXBuildFile; fileRef = ED9F30A92B8FBED00069D8E2 /* Category.swift */; };
		EDB335BA2B9612F7008FD7AD /* StateTerms.swift in Sources */ = {isa = PBXBuildFile; fileRef = EDB335B92B9612F7008FD7AD /* StateTerms.swift */; };
		EDB335BC2B966180008FD7AD /* ShimmerRecipeTableViewCell.swift in Sources */ = {isa = PBXBuildFile; fileRef = EDB335BB2B966180008FD7AD /* ShimmerRecipeTableViewCell.swift */; };
		EDB335BE2B978DBB008FD7AD /* UIColor+Extension.swift in Sources */ = {isa = PBXBuildFile; fileRef = EDB335BD2B978DBB008FD7AD /* UIColor+Extension.swift */; };
		EDB335C02B979E03008FD7AD /* CGColor+Extension.swift in Sources */ = {isa = PBXBuildFile; fileRef = EDB335BF2B979E03008FD7AD /* CGColor+Extension.swift */; };
		EDB335C22B97B1C2008FD7AD /* UIFont+Extension.swift in Sources */ = {isa = PBXBuildFile; fileRef = EDB335C12B97B1C2008FD7AD /* UIFont+Extension.swift */; };
		EDB335E42B99D6A4008FD7AD /* ImagePicker.swift in Sources */ = {isa = PBXBuildFile; fileRef = EDB335E32B99D6A4008FD7AD /* ImagePicker.swift */; };
		EDB335E72B9A1F83008FD7AD /* LogActions.swift in Sources */ = {isa = PBXBuildFile; fileRef = EDB335E62B9A1F83008FD7AD /* LogActions.swift */; };
		EDB335E92B9A2110008FD7AD /* Invoker.swift in Sources */ = {isa = PBXBuildFile; fileRef = EDB335E82B9A2110008FD7AD /* Invoker.swift */; };
		EDB335EB2B9A2122008FD7AD /* Command.swift in Sources */ = {isa = PBXBuildFile; fileRef = EDB335EA2B9A2122008FD7AD /* Command.swift */; };
		EDB335ED2B9A2133008FD7AD /* Receiver.swift in Sources */ = {isa = PBXBuildFile; fileRef = EDB335EC2B9A2133008FD7AD /* Receiver.swift */; };
		EDB336392BA107F1008FD7AD /* Recipe.swift in Sources */ = {isa = PBXBuildFile; fileRef = EDB336382BA107F1008FD7AD /* Recipe.swift */; };
		EDD488372BA20A93008FCAF0 /* RecipeResponceDTO.swift in Sources */ = {isa = PBXBuildFile; fileRef = EDD4882C2BA20A93008FCAF0 /* RecipeResponceDTO.swift */; };
		EDD488382BA20A93008FCAF0 /* RecipeDTO.swift in Sources */ = {isa = PBXBuildFile; fileRef = EDD4882D2BA20A93008FCAF0 /* RecipeDTO.swift */; };
		EDD488392BA20A93008FCAF0 /* RecipeHitDTO.swift in Sources */ = {isa = PBXBuildFile; fileRef = EDD4882E2BA20A93008FCAF0 /* RecipeHitDTO.swift */; };
		EDD4883A2BA20A93008FCAF0 /* RecipeDetailHitDTO.swift in Sources */ = {isa = PBXBuildFile; fileRef = EDD488302BA20A93008FCAF0 /* RecipeDetailHitDTO.swift */; };
		EDD4883B2BA20A93008FCAF0 /* RecipeDetailDTO.swift in Sources */ = {isa = PBXBuildFile; fileRef = EDD488312BA20A93008FCAF0 /* RecipeDetailDTO.swift */; };
		EDD4883C2BA20A93008FCAF0 /* TotalNutrientsDTO.swift in Sources */ = {isa = PBXBuildFile; fileRef = EDD488322BA20A93008FCAF0 /* TotalNutrientsDTO.swift */; };
		EDD4883D2BA20A93008FCAF0 /* LargeDTO.swift in Sources */ = {isa = PBXBuildFile; fileRef = EDD488332BA20A93008FCAF0 /* LargeDTO.swift */; };
		EDD4883E2BA20A93008FCAF0 /* RecipeDetailResponseDTO.swift in Sources */ = {isa = PBXBuildFile; fileRef = EDD488342BA20A93008FCAF0 /* RecipeDetailResponseDTO.swift */; };
		EDD4883F2BA20A93008FCAF0 /* ImagesDTO.swift in Sources */ = {isa = PBXBuildFile; fileRef = EDD488352BA20A93008FCAF0 /* ImagesDTO.swift */; };
		EDD488402BA20A93008FCAF0 /* TotalDTO.swift in Sources */ = {isa = PBXBuildFile; fileRef = EDD488362BA20A93008FCAF0 /* TotalDTO.swift */; };
/* End PBXBuildFile section */

/* Begin PBXFileReference section */
		008E79B398C0013840C670AA /* UIView+Extension.swift */ = {isa = PBXFileReference; lastKnownFileType = sourcecode.swift; path = "UIView+Extension.swift"; sourceTree = "<group>"; };
		036CDB27228B00761E3B8BF5 /* Favorites.swift */ = {isa = PBXFileReference; lastKnownFileType = sourcecode.swift; path = Favorites.swift; sourceTree = "<group>"; };
		04460AAA2B9D97BC0065D50C /* FavoritesStorageService.swift */ = {isa = PBXFileReference; lastKnownFileType = sourcecode.swift; path = FavoritesStorageService.swift; sourceTree = "<group>"; };
		0469A1CD2B923227006F349A /* StorageFavorites.swift */ = {isa = PBXFileReference; lastKnownFileType = sourcecode.swift; path = StorageFavorites.swift; sourceTree = "<group>"; };
		0469A1CF2B931FCB006F349A /* BasketView.swift */ = {isa = PBXFileReference; lastKnownFileType = sourcecode.swift; path = BasketView.swift; sourceTree = "<group>"; };
		0469A20D2B9605D5006F349A /* LoginPresenter.swift */ = {isa = PBXFileReference; lastKnownFileType = sourcecode.swift; path = LoginPresenter.swift; sourceTree = "<group>"; };
		0469A25E2B984E88006F349A /* State.swift */ = {isa = PBXFileReference; lastKnownFileType = sourcecode.swift; path = State.swift; sourceTree = "<group>"; };
		0469A2C62B98B207006F349A /* StateButton.swift */ = {isa = PBXFileReference; lastKnownFileType = sourcecode.swift; path = StateButton.swift; sourceTree = "<group>"; };
		047A505B2B99A2E700797AAD /* User.swift */ = {isa = PBXFileReference; lastKnownFileType = sourcecode.swift; path = User.swift; sourceTree = "<group>"; };
		047A505D2B99A34200797AAD /* UserCaretaker.swift */ = {isa = PBXFileReference; lastKnownFileType = sourcecode.swift; path = UserCaretaker.swift; sourceTree = "<group>"; };
		047A505F2B99D48200797AAD /* UserOriginator.swift */ = {isa = PBXFileReference; lastKnownFileType = sourcecode.swift; path = UserOriginator.swift; sourceTree = "<group>"; };
		047A50612B99EBD300797AAD /* UserMemento.swift */ = {isa = PBXFileReference; lastKnownFileType = sourcecode.swift; path = UserMemento.swift; sourceTree = "<group>"; };
		04861E502BA08EF400921137 /* NetworkService.swift */ = {isa = PBXFileReference; lastKnownFileType = sourcecode.swift; path = NetworkService.swift; sourceTree = "<group>"; };
		04861E592BA0C75200921137 /* Detalis.swift */ = {isa = PBXFileReference; lastKnownFileType = sourcecode.swift; path = Detalis.swift; sourceTree = "<group>"; };
		04861E5B2BA0F72C00921137 /* RequestCreator.swift */ = {isa = PBXFileReference; lastKnownFileType = sourcecode.swift; path = RequestCreator.swift; sourceTree = "<group>"; };
		04FEC3192B8F94010091D767 /* CategoryViewController.swift */ = {isa = PBXFileReference; lastKnownFileType = sourcecode.swift; path = CategoryViewController.swift; sourceTree = "<group>"; };
		04FEC31C2B8F94500091D767 /* CategoryPresenter.swift */ = {isa = PBXFileReference; lastKnownFileType = sourcecode.swift; path = CategoryPresenter.swift; sourceTree = "<group>"; };
		04FEC31E2B8F945C0091D767 /* Recipes.swift */ = {isa = PBXFileReference; lastKnownFileType = sourcecode.swift; path = Recipes.swift; sourceTree = "<group>"; };
		04FEC32C2B8F9EB60091D767 /* RecipeCell.swift */ = {isa = PBXFileReference; lastKnownFileType = sourcecode.swift; path = RecipeCell.swift; sourceTree = "<group>"; };
		04FEC3302B90B2D00091D767 /* StorageRecipes.swift */ = {isa = PBXFileReference; lastKnownFileType = sourcecode.swift; path = StorageRecipes.swift; sourceTree = "<group>"; };
		05C175DA0ADB8C7AEB0D8A50 /* RecipesViewController.swift */ = {isa = PBXFileReference; lastKnownFileType = sourcecode.swift; path = RecipesViewController.swift; sourceTree = "<group>"; };
		1507AE6FE0F316A788136337 /* CellProtocol.swift */ = {isa = PBXFileReference; lastKnownFileType = sourcecode.swift; path = CellProtocol.swift; sourceTree = "<group>"; };
		195F53FE1C150A44C6F01724 /* Base */ = {isa = PBXFileReference; lastKnownFileType = file.storyboard; name = Base; path = Base.lproj/Main.storyboard; sourceTree = "<group>"; };
		1DB3A7D00C9C573EE7CEB3C5 /* AppConstants.swift */ = {isa = PBXFileReference; lastKnownFileType = sourcecode.swift; path = AppConstants.swift; sourceTree = "<group>"; };
		26C44E8FCFFA0BE0FCF62877 /* Info.plist */ = {isa = PBXFileReference; lastKnownFileType = text.plist; path = Info.plist; sourceTree = "<group>"; };
		2A5F3571CC8D172D47594825 /* FavoritesPresenter.swift */ = {isa = PBXFileReference; lastKnownFileType = sourcecode.swift; path = FavoritesPresenter.swift; sourceTree = "<group>"; };
		30707CE48FDE47EEE5E92BFD /* LoginCoordinator.swift */ = {isa = PBXFileReference; lastKnownFileType = sourcecode.swift; path = LoginCoordinator.swift; sourceTree = "<group>"; };
		3311F56500FCEE966D4540C5 /* MainTabBarBuilder.swift */ = {isa = PBXFileReference; lastKnownFileType = sourcecode.swift; path = MainTabBarBuilder.swift; sourceTree = "<group>"; };
		37F13A5766A56F66215C9B31 /* Assets.xcassets */ = {isa = PBXFileReference; lastKnownFileType = folder.assetcatalog; path = Assets.xcassets; sourceTree = "<group>"; };
		3E9C1858EF6574D1EE7BF18A /* Profile.swift */ = {isa = PBXFileReference; lastKnownFileType = sourcecode.swift; path = Profile.swift; sourceTree = "<group>"; };
		43FAC47DFBC9B39320A52A96 /* BaseCoordinator.swift */ = {isa = PBXFileReference; lastKnownFileType = sourcecode.swift; path = BaseCoordinator.swift; sourceTree = "<group>"; };
		46147285A87956B9BFDFBD03 /* BonusesTableViewCell.swift */ = {isa = PBXFileReference; lastKnownFileType = sourcecode.swift; path = BonusesTableViewCell.swift; sourceTree = "<group>"; };
		4D5B6E3F5B6FB8ED46FE9980 /* CategoryType.swift */ = {isa = PBXFileReference; lastKnownFileType = sourcecode.swift; path = CategoryType.swift; sourceTree = "<group>"; };
		524FAA8AE162111DE0A3701F /* TermsPolicyView.swift */ = {isa = PBXFileReference; lastKnownFileType = sourcecode.swift; path = TermsPolicyView.swift; sourceTree = "<group>"; };
		554379734FD2678B9D23101F /* Terms.swift */ = {isa = PBXFileReference; lastKnownFileType = sourcecode.swift; path = Terms.swift; sourceTree = "<group>"; };
		5622EB8677C0468C9CC60E14 /* LogOutTableViewCell.swift */ = {isa = PBXFileReference; lastKnownFileType = sourcecode.swift; path = LogOutTableViewCell.swift; sourceTree = "<group>"; };
		670AD90FC89A7C634CCD3A2B /* ProfilePresenter.swift */ = {isa = PBXFileReference; lastKnownFileType = sourcecode.swift; path = ProfilePresenter.swift; sourceTree = "<group>"; };
		69900E2CE095E2CA61DC1F08 /* FavoritesCoordinator.swift */ = {isa = PBXFileReference; lastKnownFileType = sourcecode.swift; path = FavoritesCoordinator.swift; sourceTree = "<group>"; };
		757B69C924B03C0A6A9B0D75 /* Bonuses.swift */ = {isa = PBXFileReference; lastKnownFileType = sourcecode.swift; path = Bonuses.swift; sourceTree = "<group>"; };
		7AC8557BF2D8A9C6E20F38E4 /* BonusesPresenter.swift */ = {isa = PBXFileReference; lastKnownFileType = sourcecode.swift; path = BonusesPresenter.swift; sourceTree = "<group>"; };
		7C18FDC609EC27A7C8DAE0AB /* Recipely.app */ = {isa = PBXFileReference; explicitFileType = wrapper.application; includeInIndex = 0; path = Recipely.app; sourceTree = BUILT_PRODUCTS_DIR; };
		7F6A4A22F74191B2876F487D /* Bonus.swift */ = {isa = PBXFileReference; lastKnownFileType = sourcecode.swift; path = Bonus.swift; sourceTree = "<group>"; };
		8670DA7EEA628144C04EC143 /* AppDelegate.swift */ = {isa = PBXFileReference; lastKnownFileType = sourcecode.swift; path = AppDelegate.swift; sourceTree = "<group>"; };
		8B5FA87BA36174337E50A579 /* Info.swift */ = {isa = PBXFileReference; lastKnownFileType = sourcecode.swift; path = Info.swift; sourceTree = "<group>"; };
		A0F38BC510509B99069C741C /* AppCoordinator.swift */ = {isa = PBXFileReference; lastKnownFileType = sourcecode.swift; path = AppCoordinator.swift; sourceTree = "<group>"; };
		A5C4C3C51B154F693F5763D6 /* ProfileViewController.swift */ = {isa = PBXFileReference; lastKnownFileType = sourcecode.swift; path = ProfileViewController.swift; sourceTree = "<group>"; };
		A857425DCBD2DCED9671C1B7 /* InfoTableViewCell.swift */ = {isa = PBXFileReference; lastKnownFileType = sourcecode.swift; path = InfoTableViewCell.swift; sourceTree = "<group>"; };
		B43059680E6A6B04821CCCB5 /* LoginViewControllerCoordinator.swift */ = {isa = PBXFileReference; lastKnownFileType = sourcecode.swift; path = LoginViewControllerCoordinator.swift; sourceTree = "<group>"; };
		B7CDFDB9112C6B0542569E2E /* FavoritesViewController.swift */ = {isa = PBXFileReference; lastKnownFileType = sourcecode.swift; path = FavoritesViewController.swift; sourceTree = "<group>"; };
		B8C487E2D83D643460A45915 /* Base */ = {isa = PBXFileReference; lastKnownFileType = file.storyboard; name = Base; path = Base.lproj/LaunchScreen.storyboard; sourceTree = "<group>"; };
		BCE1220110B1B271B68BFCC0 /* CellsTypes.swift */ = {isa = PBXFileReference; lastKnownFileType = sourcecode.swift; path = CellsTypes.swift; sourceTree = "<group>"; };
		BF07FFAB2A4950F3CB0D0270 /* LogOut.swift */ = {isa = PBXFileReference; lastKnownFileType = sourcecode.swift; path = LogOut.swift; sourceTree = "<group>"; };
		C9A3671F8DF2A330D2A9CCF1 /* SceneDelegate.swift */ = {isa = PBXFileReference; lastKnownFileType = sourcecode.swift; path = SceneDelegate.swift; sourceTree = "<group>"; };
		DCC1C1AA5970D18441704760 /* RecipesCoordinator.swift */ = {isa = PBXFileReference; lastKnownFileType = sourcecode.swift; path = RecipesCoordinator.swift; sourceTree = "<group>"; };
		DFA766C1B032D41608CE4B12 /* BonusesViewController.swift */ = {isa = PBXFileReference; lastKnownFileType = sourcecode.swift; path = BonusesViewController.swift; sourceTree = "<group>"; };
		E4F39E528952CCE47B1865BB /* TermsTableViewCell.swift */ = {isa = PBXFileReference; lastKnownFileType = sourcecode.swift; path = TermsTableViewCell.swift; sourceTree = "<group>"; };
		E7936ED31A5297ACC97C1548 /* RecipesPresenter.swift */ = {isa = PBXFileReference; lastKnownFileType = sourcecode.swift; path = RecipesPresenter.swift; sourceTree = "<group>"; };
		EC78B0E2C10F00A01BCEC4D3 /* LoginViewController.swift */ = {isa = PBXFileReference; lastKnownFileType = sourcecode.swift; path = LoginViewController.swift; sourceTree = "<group>"; };
		ED0EA83F2BA246B000A757E1 /* ErrorView.swift */ = {isa = PBXFileReference; lastKnownFileType = sourcecode.swift; path = ErrorView.swift; sourceTree = "<group>"; };
		ED0EA8692BA3396A00A757E1 /* ShimmerImageTableViewCell.swift */ = {isa = PBXFileReference; lastKnownFileType = sourcecode.swift; path = ShimmerImageTableViewCell.swift; sourceTree = "<group>"; };
		ED22ED892BA238F9001D919C /* UIImage+Extension.swift */ = {isa = PBXFileReference; lastKnownFileType = sourcecode.swift; path = "UIImage+Extension.swift"; sourceTree = "<group>"; };
		ED6537CD2B91920D005C8BE2 /* StorageCategory.swift */ = {isa = PBXFileReference; lastKnownFileType = sourcecode.swift; path = StorageCategory.swift; sourceTree = "<group>"; };
		ED6537D32B91E05D005C8BE2 /* RecipeDetailViewController.swift */ = {isa = PBXFileReference; lastKnownFileType = sourcecode.swift; path = RecipeDetailViewController.swift; sourceTree = "<group>"; };
		ED6537D52B91E07A005C8BE2 /* DetailPresenter.swift */ = {isa = PBXFileReference; lastKnownFileType = sourcecode.swift; path = DetailPresenter.swift; sourceTree = "<group>"; };
		ED6537DB2B91F1F0005C8BE2 /* DetailCellType.swift */ = {isa = PBXFileReference; lastKnownFileType = sourcecode.swift; path = DetailCellType.swift; sourceTree = "<group>"; };
		ED6537DD2B91F297005C8BE2 /* RecipeDetailProtocol.swift */ = {isa = PBXFileReference; lastKnownFileType = sourcecode.swift; path = RecipeDetailProtocol.swift; sourceTree = "<group>"; };
		ED6537DF2B91F2B9005C8BE2 /* Text.swift */ = {isa = PBXFileReference; lastKnownFileType = sourcecode.swift; path = Text.swift; sourceTree = "<group>"; };
		ED6537E12B91F2CD005C8BE2 /* InfoRecipe.swift */ = {isa = PBXFileReference; lastKnownFileType = sourcecode.swift; path = InfoRecipe.swift; sourceTree = "<group>"; };
		ED6537E32B91F2DB005C8BE2 /* Image.swift */ = {isa = PBXFileReference; lastKnownFileType = sourcecode.swift; path = Image.swift; sourceTree = "<group>"; };
		ED6537E52B91F48A005C8BE2 /* ImageTableViewCell.swift */ = {isa = PBXFileReference; lastKnownFileType = sourcecode.swift; path = ImageTableViewCell.swift; sourceTree = "<group>"; };
		ED6537E72B91F49B005C8BE2 /* InfoRecipeTableViewCell.swift */ = {isa = PBXFileReference; lastKnownFileType = sourcecode.swift; path = InfoRecipeTableViewCell.swift; sourceTree = "<group>"; };
		ED6537E92B91F4AB005C8BE2 /* TextTableViewCell.swift */ = {isa = PBXFileReference; lastKnownFileType = sourcecode.swift; path = TextTableViewCell.swift; sourceTree = "<group>"; };
		ED6537EB2B94911B005C8BE2 /* RecipeDetail.swift */ = {isa = PBXFileReference; lastKnownFileType = sourcecode.swift; path = RecipeDetail.swift; sourceTree = "<group>"; };
		ED6537ED2B94A174005C8BE2 /* StorageDetail.swift */ = {isa = PBXFileReference; lastKnownFileType = sourcecode.swift; path = StorageDetail.swift; sourceTree = "<group>"; };
		ED9F30A22B8F640F0069D8E2 /* TypeAlias.swift */ = {isa = PBXFileReference; lastKnownFileType = sourcecode.swift; path = TypeAlias.swift; sourceTree = "<group>"; };
		ED9F30A72B8FBEB70069D8E2 /* CategoryCollectionViewCell.swift */ = {isa = PBXFileReference; lastKnownFileType = sourcecode.swift; path = CategoryCollectionViewCell.swift; sourceTree = "<group>"; };
		ED9F30A92B8FBED00069D8E2 /* Category.swift */ = {isa = PBXFileReference; lastKnownFileType = sourcecode.swift; path = Category.swift; sourceTree = "<group>"; };
		EDB335B92B9612F7008FD7AD /* StateTerms.swift */ = {isa = PBXFileReference; lastKnownFileType = sourcecode.swift; path = StateTerms.swift; sourceTree = "<group>"; };
		EDB335BB2B966180008FD7AD /* ShimmerRecipeTableViewCell.swift */ = {isa = PBXFileReference; lastKnownFileType = sourcecode.swift; path = ShimmerRecipeTableViewCell.swift; sourceTree = "<group>"; };
		EDB335BD2B978DBB008FD7AD /* UIColor+Extension.swift */ = {isa = PBXFileReference; lastKnownFileType = sourcecode.swift; path = "UIColor+Extension.swift"; sourceTree = "<group>"; };
		EDB335BF2B979E03008FD7AD /* CGColor+Extension.swift */ = {isa = PBXFileReference; lastKnownFileType = sourcecode.swift; path = "CGColor+Extension.swift"; sourceTree = "<group>"; };
		EDB335C12B97B1C2008FD7AD /* UIFont+Extension.swift */ = {isa = PBXFileReference; lastKnownFileType = sourcecode.swift; path = "UIFont+Extension.swift"; sourceTree = "<group>"; };
		EDB335E32B99D6A4008FD7AD /* ImagePicker.swift */ = {isa = PBXFileReference; lastKnownFileType = sourcecode.swift; path = ImagePicker.swift; sourceTree = "<group>"; };
		EDB335E62B9A1F83008FD7AD /* LogActions.swift */ = {isa = PBXFileReference; lastKnownFileType = sourcecode.swift; path = LogActions.swift; sourceTree = "<group>"; };
		EDB335E82B9A2110008FD7AD /* Invoker.swift */ = {isa = PBXFileReference; lastKnownFileType = sourcecode.swift; path = Invoker.swift; sourceTree = "<group>"; };
		EDB335EA2B9A2122008FD7AD /* Command.swift */ = {isa = PBXFileReference; lastKnownFileType = sourcecode.swift; path = Command.swift; sourceTree = "<group>"; };
		EDB335EC2B9A2133008FD7AD /* Receiver.swift */ = {isa = PBXFileReference; lastKnownFileType = sourcecode.swift; path = Receiver.swift; sourceTree = "<group>"; };
		EDB336382BA107F1008FD7AD /* Recipe.swift */ = {isa = PBXFileReference; lastKnownFileType = sourcecode.swift; path = Recipe.swift; sourceTree = "<group>"; };
		EDD4882C2BA20A93008FCAF0 /* RecipeResponceDTO.swift */ = {isa = PBXFileReference; fileEncoding = 4; lastKnownFileType = sourcecode.swift; path = RecipeResponceDTO.swift; sourceTree = "<group>"; };
		EDD4882D2BA20A93008FCAF0 /* RecipeDTO.swift */ = {isa = PBXFileReference; fileEncoding = 4; lastKnownFileType = sourcecode.swift; path = RecipeDTO.swift; sourceTree = "<group>"; };
		EDD4882E2BA20A93008FCAF0 /* RecipeHitDTO.swift */ = {isa = PBXFileReference; fileEncoding = 4; lastKnownFileType = sourcecode.swift; path = RecipeHitDTO.swift; sourceTree = "<group>"; };
		EDD488302BA20A93008FCAF0 /* RecipeDetailHitDTO.swift */ = {isa = PBXFileReference; fileEncoding = 4; lastKnownFileType = sourcecode.swift; path = RecipeDetailHitDTO.swift; sourceTree = "<group>"; };
		EDD488312BA20A93008FCAF0 /* RecipeDetailDTO.swift */ = {isa = PBXFileReference; fileEncoding = 4; lastKnownFileType = sourcecode.swift; path = RecipeDetailDTO.swift; sourceTree = "<group>"; };
		EDD488322BA20A93008FCAF0 /* TotalNutrientsDTO.swift */ = {isa = PBXFileReference; fileEncoding = 4; lastKnownFileType = sourcecode.swift; path = TotalNutrientsDTO.swift; sourceTree = "<group>"; };
		EDD488332BA20A93008FCAF0 /* LargeDTO.swift */ = {isa = PBXFileReference; fileEncoding = 4; lastKnownFileType = sourcecode.swift; path = LargeDTO.swift; sourceTree = "<group>"; };
		EDD488342BA20A93008FCAF0 /* RecipeDetailResponseDTO.swift */ = {isa = PBXFileReference; fileEncoding = 4; lastKnownFileType = sourcecode.swift; path = RecipeDetailResponseDTO.swift; sourceTree = "<group>"; };
		EDD488352BA20A93008FCAF0 /* ImagesDTO.swift */ = {isa = PBXFileReference; fileEncoding = 4; lastKnownFileType = sourcecode.swift; path = ImagesDTO.swift; sourceTree = "<group>"; };
		EDD488362BA20A93008FCAF0 /* TotalDTO.swift */ = {isa = PBXFileReference; fileEncoding = 4; lastKnownFileType = sourcecode.swift; path = TotalDTO.swift; sourceTree = "<group>"; };
		F1C0200EE0C3DC7F4E1284E5 /* MainTabBarViewController.swift */ = {isa = PBXFileReference; lastKnownFileType = sourcecode.swift; path = MainTabBarViewController.swift; sourceTree = "<group>"; };
		F82600648C6D1A4FD7643B0C /* ProfileCoordinator.swift */ = {isa = PBXFileReference; lastKnownFileType = sourcecode.swift; path = ProfileCoordinator.swift; sourceTree = "<group>"; };
/* End PBXFileReference section */

/* Begin PBXGroup section */
		04460AA92B9D97A20065D50C /* FavoritesService */ = {
			isa = PBXGroup;
			children = (
				04460AAA2B9D97BC0065D50C /* FavoritesStorageService.swift */,
			);
			path = FavoritesService;
			sourceTree = "<group>";
		};
		0469A25D2B984E75006F349A /* State */ = {
			isa = PBXGroup;
			children = (
				0469A25E2B984E88006F349A /* State.swift */,
			);
			path = State;
			sourceTree = "<group>";
		};
		047A505A2B99A2D300797AAD /* Service */ = {
			isa = PBXGroup;
			children = (
				047A505B2B99A2E700797AAD /* User.swift */,
				047A50612B99EBD300797AAD /* UserMemento.swift */,
				047A505F2B99D48200797AAD /* UserOriginator.swift */,
				047A505D2B99A34200797AAD /* UserCaretaker.swift */,
			);
			path = Service;
			sourceTree = "<group>";
		};
		04861E4F2BA08EC800921137 /* NetworkService */ = {
			isa = PBXGroup;
			children = (
				EDD4882A2BA20A93008FCAF0 /* DTO */,
				04861E502BA08EF400921137 /* NetworkService.swift */,
				04861E592BA0C75200921137 /* Detalis.swift */,
				04861E5B2BA0F72C00921137 /* RequestCreator.swift */,
				EDB336382BA107F1008FD7AD /* Recipe.swift */,
			);
			path = NetworkService;
			sourceTree = "<group>";
		};
		04FEC3182B8F93D20091D767 /* CategoryScreen */ = {
			isa = PBXGroup;
			children = (
				0469A25D2B984E75006F349A /* State */,
				04FEC3262B8F9E680091D767 /* Cells */,
				04FEC3222B8F946B0091D767 /* Presenter */,
				04FEC3212B8F94660091D767 /* Model */,
				04FEC3202B8F94610091D767 /* View */,
			);
			path = CategoryScreen;
			sourceTree = "<group>";
		};
		04FEC3202B8F94610091D767 /* View */ = {
			isa = PBXGroup;
			children = (
				04FEC3192B8F94010091D767 /* CategoryViewController.swift */,
				0469A2C62B98B207006F349A /* StateButton.swift */,
				ED0EA83F2BA246B000A757E1 /* ErrorView.swift */,
			);
			path = View;
			sourceTree = "<group>";
		};
		04FEC3212B8F94660091D767 /* Model */ = {
			isa = PBXGroup;
			children = (
				04FEC3302B90B2D00091D767 /* StorageRecipes.swift */,
				04FEC31E2B8F945C0091D767 /* Recipes.swift */,
			);
			path = Model;
			sourceTree = "<group>";
		};
		04FEC3222B8F946B0091D767 /* Presenter */ = {
			isa = PBXGroup;
			children = (
				04FEC31C2B8F94500091D767 /* CategoryPresenter.swift */,
			);
			path = Presenter;
			sourceTree = "<group>";
		};
		04FEC3262B8F9E680091D767 /* Cells */ = {
			isa = PBXGroup;
			children = (
				04FEC32C2B8F9EB60091D767 /* RecipeCell.swift */,
				EDB335BB2B966180008FD7AD /* ShimmerRecipeTableViewCell.swift */,
			);
			path = Cells;
			sourceTree = "<group>";
		};
		07223B679F89B351B11A801E /* Recipely */ = {
			isa = PBXGroup;
			children = (
				04861E4F2BA08EC800921137 /* NetworkService */,
				3941CB8310D521D47E0DBBF2 /* BonusesScreen */,
				578985BC87D0A1B662F9A5B1 /* Coordinaters */,
				701836632847CB532E80E539 /* Delegate */,
				37740B63FF4BB9267F8AFF3F /* Extensions */,
				7C1891CCB24D685057D194D3 /* FavoritesScreen */,
				554E474A719FC2CFDB246B82 /* LoginScreen */,
				AB3A6F0359EF3BA2245C52D9 /* ProfileScreen */,
				CA45AA8190E3F254C0E363BA /* RecipesScreeen */,
				B3991453A6D4443D7C59367B /* TabBar */,
				14B17A8B25B2353C81997CDA /* TermsPolicyScreen */,
				37F13A5766A56F66215C9B31 /* Assets.xcassets */,
				26C44E8FCFFA0BE0FCF62877 /* Info.plist */,
				E1F27B60849A7196363239AB /* LaunchScreen.storyboard */,
				38EF68AA2BBA5083D179CDBD /* Main.storyboard */,
			);
			path = Recipely;
			sourceTree = "<group>";
		};
		0A7B92B28FE7872AC4950F20 /* Builder */ = {
			isa = PBXGroup;
			children = (
				3311F56500FCEE966D4540C5 /* MainTabBarBuilder.swift */,
			);
			path = Builder;
			sourceTree = "<group>";
		};
		14B17A8B25B2353C81997CDA /* TermsPolicyScreen */ = {
			isa = PBXGroup;
			children = (
				18BDD5721ECC0D4C32CB5E28 /* View */,
			);
			path = TermsPolicyScreen;
			sourceTree = "<group>";
		};
		16CA35B60CB7E272079A37DE /* Model */ = {
			isa = PBXGroup;
			children = (
				3E9C1858EF6574D1EE7BF18A /* Profile.swift */,
				EDB335B92B9612F7008FD7AD /* StateTerms.swift */,
			);
			path = Model;
			sourceTree = "<group>";
		};
		18BDD5721ECC0D4C32CB5E28 /* View */ = {
			isa = PBXGroup;
			children = (
				524FAA8AE162111DE0A3701F /* TermsPolicyView.swift */,
			);
			path = View;
			sourceTree = "<group>";
		};
		33147ADAFA6221BB4BD002BF /* Products */ = {
			isa = PBXGroup;
			children = (
				7C18FDC609EC27A7C8DAE0AB /* Recipely.app */,
			);
			name = Products;
			sourceTree = "<group>";
		};
		33C9BEC6AE22C12C46C330FC /* Model */ = {
			isa = PBXGroup;
			children = (
				7F6A4A22F74191B2876F487D /* Bonus.swift */,
			);
			path = Model;
			sourceTree = "<group>";
		};
		35454B2CE9CF5BAFA88CB4A6 /* View */ = {
			isa = PBXGroup;
			children = (
				05C175DA0ADB8C7AEB0D8A50 /* RecipesViewController.swift */,
			);
			path = View;
			sourceTree = "<group>";
		};
		36CAA97DDCD1E4AC7A678E91 = {
			isa = PBXGroup;
			children = (
				07223B679F89B351B11A801E /* Recipely */,
				33147ADAFA6221BB4BD002BF /* Products */,
			);
			indentWidth = 2;
			sourceTree = "<group>";
			tabWidth = 2;
		};
		37740B63FF4BB9267F8AFF3F /* Extensions */ = {
			isa = PBXGroup;
			children = (
				008E79B398C0013840C670AA /* UIView+Extension.swift */,
				EDB335BD2B978DBB008FD7AD /* UIColor+Extension.swift */,
				EDB335BF2B979E03008FD7AD /* CGColor+Extension.swift */,
				EDB335C12B97B1C2008FD7AD /* UIFont+Extension.swift */,
				ED22ED892BA238F9001D919C /* UIImage+Extension.swift */,
			);
			path = Extensions;
			sourceTree = "<group>";
		};
		3941CB8310D521D47E0DBBF2 /* BonusesScreen */ = {
			isa = PBXGroup;
			children = (
				33C9BEC6AE22C12C46C330FC /* Model */,
				B5E2C6A79D854E8850AA70F0 /* Presenter */,
				DD6840DBEBAE0FA66C60F27C /* View */,
			);
			path = BonusesScreen;
			sourceTree = "<group>";
		};
		554E474A719FC2CFDB246B82 /* LoginScreen */ = {
			isa = PBXGroup;
			children = (
				047A505A2B99A2D300797AAD /* Service */,
				76B9066415CDB231A1054A02 /* Presenter */,
				CD886714913DBF929EC745BC /* View */,
				B43059680E6A6B04821CCCB5 /* LoginViewControllerCoordinator.swift */,
			);
			path = LoginScreen;
			sourceTree = "<group>";
		};
		578985BC87D0A1B662F9A5B1 /* Coordinaters */ = {
			isa = PBXGroup;
			children = (
				0A7B92B28FE7872AC4950F20 /* Builder */,
				A0F38BC510509B99069C741C /* AppCoordinator.swift */,
				43FAC47DFBC9B39320A52A96 /* BaseCoordinator.swift */,
				69900E2CE095E2CA61DC1F08 /* FavoritesCoordinator.swift */,
				30707CE48FDE47EEE5E92BFD /* LoginCoordinator.swift */,
				F82600648C6D1A4FD7643B0C /* ProfileCoordinator.swift */,
				DCC1C1AA5970D18441704760 /* RecipesCoordinator.swift */,
			);
			path = Coordinaters;
			sourceTree = "<group>";
		};
		5D3548F13E554A6E10868B22 /* InfoCell */ = {
			isa = PBXGroup;
			children = (
				8B5FA87BA36174337E50A579 /* Info.swift */,
				A857425DCBD2DCED9671C1B7 /* InfoTableViewCell.swift */,
				EDB335E32B99D6A4008FD7AD /* ImagePicker.swift */,
			);
			path = InfoCell;
			sourceTree = "<group>";
		};
		67D3E2F8067599F69A3677E1 /* TermsCell */ = {
			isa = PBXGroup;
			children = (
				554379734FD2678B9D23101F /* Terms.swift */,
				E4F39E528952CCE47B1865BB /* TermsTableViewCell.swift */,
			);
			path = TermsCell;
			sourceTree = "<group>";
		};
		67D7A7CCA96B75F1549930FA /* View */ = {
			isa = PBXGroup;
			children = (
				A5C4C3C51B154F693F5763D6 /* ProfileViewController.swift */,
			);
			path = View;
			sourceTree = "<group>";
		};
		6B4B98CDF0DFD6B6E7E687B4 /* BonusesCell */ = {
			isa = PBXGroup;
			children = (
				757B69C924B03C0A6A9B0D75 /* Bonuses.swift */,
				46147285A87956B9BFDFBD03 /* BonusesTableViewCell.swift */,
			);
			path = BonusesCell;
			sourceTree = "<group>";
		};
		701836632847CB532E80E539 /* Delegate */ = {
			isa = PBXGroup;
			children = (
				1DB3A7D00C9C573EE7CEB3C5 /* AppConstants.swift */,
				8670DA7EEA628144C04EC143 /* AppDelegate.swift */,
				C9A3671F8DF2A330D2A9CCF1 /* SceneDelegate.swift */,
			);
			path = Delegate;
			sourceTree = "<group>";
		};
		76B9066415CDB231A1054A02 /* Presenter */ = {
			isa = PBXGroup;
			children = (
				0469A20D2B9605D5006F349A /* LoginPresenter.swift */,
			);
			path = Presenter;
			sourceTree = "<group>";
		};
		7B38539BB261DCF19D8E435E /* Model */ = {
			isa = PBXGroup;
			children = (
				ED9F30A92B8FBED00069D8E2 /* Category.swift */,
				4D5B6E3F5B6FB8ED46FE9980 /* CategoryType.swift */,
				ED6537CD2B91920D005C8BE2 /* StorageCategory.swift */,
			);
			path = Model;
			sourceTree = "<group>";
		};
		7BA8988A1A1106D186DF2A89 /* Presenter */ = {
			isa = PBXGroup;
			children = (
				2A5F3571CC8D172D47594825 /* FavoritesPresenter.swift */,
			);
			path = Presenter;
			sourceTree = "<group>";
		};
		7C1891CCB24D685057D194D3 /* FavoritesScreen */ = {
			isa = PBXGroup;
			children = (
				04460AA92B9D97A20065D50C /* FavoritesService */,
				C1A42A525848C36F14789C8C /* Model */,
				7BA8988A1A1106D186DF2A89 /* Presenter */,
				A09144330FE1D08C766841F8 /* View */,
			);
			path = FavoritesScreen;
			sourceTree = "<group>";
		};
		895316F039CA5727E43BC50F /* Presenter */ = {
			isa = PBXGroup;
			children = (
				E7936ED31A5297ACC97C1548 /* RecipesPresenter.swift */,
			);
			path = Presenter;
			sourceTree = "<group>";
		};
		8A6C6F4CFF40E229B7A73C3A /* Presenter */ = {
			isa = PBXGroup;
			children = (
				670AD90FC89A7C634CCD3A2B /* ProfilePresenter.swift */,
			);
			path = Presenter;
			sourceTree = "<group>";
		};
		A09144330FE1D08C766841F8 /* View */ = {
			isa = PBXGroup;
			children = (
				B7CDFDB9112C6B0542569E2E /* FavoritesViewController.swift */,
				0469A1CF2B931FCB006F349A /* BasketView.swift */,
			);
			path = View;
			sourceTree = "<group>";
		};
		AB3A6F0359EF3BA2245C52D9 /* ProfileScreen */ = {
			isa = PBXGroup;
			children = (
				CAA46956CC0741A2595D9444 /* Cells */,
				16CA35B60CB7E272079A37DE /* Model */,
				8A6C6F4CFF40E229B7A73C3A /* Presenter */,
				67D7A7CCA96B75F1549930FA /* View */,
			);
			path = ProfileScreen;
			sourceTree = "<group>";
		};
		B23DCFB928F19AFB30329D51 /* LogOutCell */ = {
			isa = PBXGroup;
			children = (
				BF07FFAB2A4950F3CB0D0270 /* LogOut.swift */,
				5622EB8677C0468C9CC60E14 /* LogOutTableViewCell.swift */,
			);
			path = LogOutCell;
			sourceTree = "<group>";
		};
		B3991453A6D4443D7C59367B /* TabBar */ = {
			isa = PBXGroup;
			children = (
				F1C0200EE0C3DC7F4E1284E5 /* MainTabBarViewController.swift */,
			);
			path = TabBar;
			sourceTree = "<group>";
		};
		B5E2C6A79D854E8850AA70F0 /* Presenter */ = {
			isa = PBXGroup;
			children = (
				7AC8557BF2D8A9C6E20F38E4 /* BonusesPresenter.swift */,
			);
			path = Presenter;
			sourceTree = "<group>";
		};
		C1A42A525848C36F14789C8C /* Model */ = {
			isa = PBXGroup;
			children = (
				036CDB27228B00761E3B8BF5 /* Favorites.swift */,
				0469A1CD2B923227006F349A /* StorageFavorites.swift */,
			);
			path = Model;
			sourceTree = "<group>";
		};
		CA45AA8190E3F254C0E363BA /* RecipesScreeen */ = {
			isa = PBXGroup;
			children = (
				EDB335E52B9A1F6A008FD7AD /* Log */,
				ED6537CF2B91DFDE005C8BE2 /* RecipeDetailScreen */,
				ED9F30A62B8FBE350069D8E2 /* Cell */,
				7B38539BB261DCF19D8E435E /* Model */,
				895316F039CA5727E43BC50F /* Presenter */,
				35454B2CE9CF5BAFA88CB4A6 /* View */,
				04FEC3182B8F93D20091D767 /* CategoryScreen */,
			);
			path = RecipesScreeen;
			sourceTree = "<group>";
		};
		CAA46956CC0741A2595D9444 /* Cells */ = {
			isa = PBXGroup;
			children = (
				6B4B98CDF0DFD6B6E7E687B4 /* BonusesCell */,
				5D3548F13E554A6E10868B22 /* InfoCell */,
				B23DCFB928F19AFB30329D51 /* LogOutCell */,
				67D3E2F8067599F69A3677E1 /* TermsCell */,
				1507AE6FE0F316A788136337 /* CellProtocol.swift */,
				BCE1220110B1B271B68BFCC0 /* CellsTypes.swift */,
				ED9F30A22B8F640F0069D8E2 /* TypeAlias.swift */,
			);
			path = Cells;
			sourceTree = "<group>";
		};
		CD886714913DBF929EC745BC /* View */ = {
			isa = PBXGroup;
			children = (
				EC78B0E2C10F00A01BCEC4D3 /* LoginViewController.swift */,
			);
			path = View;
			sourceTree = "<group>";
		};
		DD6840DBEBAE0FA66C60F27C /* View */ = {
			isa = PBXGroup;
			children = (
				DFA766C1B032D41608CE4B12 /* BonusesViewController.swift */,
			);
			path = View;
			sourceTree = "<group>";
		};
		ED6537CF2B91DFDE005C8BE2 /* RecipeDetailScreen */ = {
			isa = PBXGroup;
			children = (
				ED6537D72B91F00F005C8BE2 /* Cells */,
				ED6537D22B91E01F005C8BE2 /* View */,
				ED6537D12B91E00B005C8BE2 /* DetailPresenter */,
				ED6537D02B91E003005C8BE2 /* Model */,
			);
			path = RecipeDetailScreen;
			sourceTree = "<group>";
		};
		ED6537D02B91E003005C8BE2 /* Model */ = {
			isa = PBXGroup;
			children = (
				ED6537EB2B94911B005C8BE2 /* RecipeDetail.swift */,
				ED6537ED2B94A174005C8BE2 /* StorageDetail.swift */,
			);
			path = Model;
			sourceTree = "<group>";
		};
		ED6537D12B91E00B005C8BE2 /* DetailPresenter */ = {
			isa = PBXGroup;
			children = (
				ED6537D52B91E07A005C8BE2 /* DetailPresenter.swift */,
			);
			path = DetailPresenter;
			sourceTree = "<group>";
		};
		ED6537D22B91E01F005C8BE2 /* View */ = {
			isa = PBXGroup;
			children = (
				ED6537D32B91E05D005C8BE2 /* RecipeDetailViewController.swift */,
			);
			path = View;
			sourceTree = "<group>";
		};
		ED6537D72B91F00F005C8BE2 /* Cells */ = {
			isa = PBXGroup;
			children = (
				ED6537DA2B91F109005C8BE2 /* TextCell */,
				ED6537D92B91F0F9005C8BE2 /* InfoCell */,
				ED6537D82B91F0EB005C8BE2 /* ImageCell */,
				ED6537DB2B91F1F0005C8BE2 /* DetailCellType.swift */,
				ED6537DD2B91F297005C8BE2 /* RecipeDetailProtocol.swift */,
			);
			path = Cells;
			sourceTree = "<group>";
		};
		ED6537D82B91F0EB005C8BE2 /* ImageCell */ = {
			isa = PBXGroup;
			children = (
				ED6537E32B91F2DB005C8BE2 /* Image.swift */,
				ED6537E52B91F48A005C8BE2 /* ImageTableViewCell.swift */,
				ED0EA8692BA3396A00A757E1 /* ShimmerImageTableViewCell.swift */,
			);
			path = ImageCell;
			sourceTree = "<group>";
		};
		ED6537D92B91F0F9005C8BE2 /* InfoCell */ = {
			isa = PBXGroup;
			children = (
				ED6537E12B91F2CD005C8BE2 /* InfoRecipe.swift */,
				ED6537E72B91F49B005C8BE2 /* InfoRecipeTableViewCell.swift */,
			);
			path = InfoCell;
			sourceTree = "<group>";
		};
		ED6537DA2B91F109005C8BE2 /* TextCell */ = {
			isa = PBXGroup;
			children = (
				ED6537DF2B91F2B9005C8BE2 /* Text.swift */,
				ED6537E92B91F4AB005C8BE2 /* TextTableViewCell.swift */,
			);
			path = TextCell;
			sourceTree = "<group>";
		};
		ED9F30A62B8FBE350069D8E2 /* Cell */ = {
			isa = PBXGroup;
			children = (
				ED9F30A72B8FBEB70069D8E2 /* CategoryCollectionViewCell.swift */,
			);
			path = Cell;
			sourceTree = "<group>";
		};
		EDB335E52B9A1F6A008FD7AD /* Log */ = {
			isa = PBXGroup;
			children = (
				EDB335E62B9A1F83008FD7AD /* LogActions.swift */,
				EDB335E82B9A2110008FD7AD /* Invoker.swift */,
				EDB335EA2B9A2122008FD7AD /* Command.swift */,
				EDB335EC2B9A2133008FD7AD /* Receiver.swift */,
			);
			path = Log;
			sourceTree = "<group>";
		};
		EDD4882A2BA20A93008FCAF0 /* DTO */ = {
			isa = PBXGroup;
			children = (
				EDD4882B2BA20A93008FCAF0 /* RecipeDTO */,
				EDD4882F2BA20A93008FCAF0 /* DetailDTO */,
			);
			path = DTO;
			sourceTree = "<group>";
		};
		EDD4882B2BA20A93008FCAF0 /* RecipeDTO */ = {
			isa = PBXGroup;
			children = (
				EDD4882C2BA20A93008FCAF0 /* RecipeResponceDTO.swift */,
				EDD4882D2BA20A93008FCAF0 /* RecipeDTO.swift */,
				EDD4882E2BA20A93008FCAF0 /* RecipeHitDTO.swift */,
			);
			path = RecipeDTO;
			sourceTree = "<group>";
		};
		EDD4882F2BA20A93008FCAF0 /* DetailDTO */ = {
			isa = PBXGroup;
			children = (
				EDD488302BA20A93008FCAF0 /* RecipeDetailHitDTO.swift */,
				EDD488312BA20A93008FCAF0 /* RecipeDetailDTO.swift */,
				EDD488322BA20A93008FCAF0 /* TotalNutrientsDTO.swift */,
				EDD488332BA20A93008FCAF0 /* LargeDTO.swift */,
				EDD488342BA20A93008FCAF0 /* RecipeDetailResponseDTO.swift */,
				EDD488352BA20A93008FCAF0 /* ImagesDTO.swift */,
				EDD488362BA20A93008FCAF0 /* TotalDTO.swift */,
			);
			path = DetailDTO;
			sourceTree = "<group>";
		};
/* End PBXGroup section */

/* Begin PBXNativeTarget section */
		4BC0AE2394006116C6DEE5FE /* Recipely */ = {
			isa = PBXNativeTarget;
			buildConfigurationList = 88988646ADCF5B0DCCA6FF50 /* Build configuration list for PBXNativeTarget "Recipely" */;
			buildPhases = (
				ECC38470D42CFA08D442B450 /* Sources */,
				31EA55AE1428A84325A73D8A /* Resources */,
				E0953B306248401891672574 /* SwiftFormat */,
				2158DFEEC9007EA37BD4E83C /* SwiftLint */,
			);
			buildRules = (
			);
			dependencies = (
			);
			name = Recipely;
			productName = Recipely;
			productReference = 7C18FDC609EC27A7C8DAE0AB /* Recipely.app */;
			productType = "com.apple.product-type.application";
		};
/* End PBXNativeTarget section */

/* Begin PBXProject section */
		C4ABA892C6AFDEF75DD5AA89 /* Project object */ = {
			isa = PBXProject;
			attributes = {
				BuildIndependentTargetsInParallel = YES;
				LastUpgradeCheck = 1430;
			};
			buildConfigurationList = 724FAC2239EDD3A42967460C /* Build configuration list for PBXProject "Recipely" */;
			compatibilityVersion = "Xcode 14.0";
			developmentRegion = en;
			hasScannedForEncodings = 0;
			knownRegions = (
				Base,
				en,
			);
			mainGroup = 36CAA97DDCD1E4AC7A678E91;
			projectDirPath = "";
			projectRoot = "";
			targets = (
				4BC0AE2394006116C6DEE5FE /* Recipely */,
			);
		};
/* End PBXProject section */

/* Begin PBXResourcesBuildPhase section */
		31EA55AE1428A84325A73D8A /* Resources */ = {
			isa = PBXResourcesBuildPhase;
			buildActionMask = 2147483647;
			files = (
				C351D4276F1D79BC55843406 /* Assets.xcassets in Resources */,
				677C5F0B54989AC003ED1292 /* LaunchScreen.storyboard in Resources */,
				1BF3BBA0AE4AEFF3F97228A9 /* Main.storyboard in Resources */,
			);
			runOnlyForDeploymentPostprocessing = 0;
		};
/* End PBXResourcesBuildPhase section */

/* Begin PBXShellScriptBuildPhase section */
		2158DFEEC9007EA37BD4E83C /* SwiftLint */ = {
			isa = PBXShellScriptBuildPhase;
			alwaysOutOfDate = 1;
			buildActionMask = 2147483647;
			files = (
			);
			inputFileListPaths = (
			);
			inputPaths = (
			);
			name = SwiftLint;
			outputFileListPaths = (
			);
			outputPaths = (
			);
			runOnlyForDeploymentPostprocessing = 0;
			shellPath = /bin/sh;
			shellScript = "if [[ \"$(uname -m)\" == arm64 ]]; then\n    export PATH=\"/opt/homebrew/bin:$PATH\"\nfi\n\nif which swiftlint > /dev/null; then\n    swiftlint\nelse\n    echo \"warning: SwiftLint not installed, download from https://github.com/realm/SwiftLint\"\n    exit 1\nfi\n";
		};
		E0953B306248401891672574 /* SwiftFormat */ = {
			isa = PBXShellScriptBuildPhase;
			alwaysOutOfDate = 1;
			buildActionMask = 2147483647;
			files = (
			);
			inputFileListPaths = (
			);
			inputPaths = (
			);
			name = SwiftFormat;
			outputFileListPaths = (
			);
			outputPaths = (
			);
			runOnlyForDeploymentPostprocessing = 0;
			shellPath = /bin/sh;
			shellScript = "if [[ \"$(uname -m)\" == arm64 ]]; then\n    export PATH=\"/opt/homebrew/bin:$PATH\"\nfi\n\nif which swiftformat > /dev/null; then\n    swiftformat .\nelse\n    echo \"warning: SwiftFormat not installed, download from https://github.com/nicklockwood/SwiftFormat\"\n    exit 1\nfi\n";
		};
/* End PBXShellScriptBuildPhase section */

/* Begin PBXSourcesBuildPhase section */
		ECC38470D42CFA08D442B450 /* Sources */ = {
			isa = PBXSourcesBuildPhase;
			buildActionMask = 2147483647;
			files = (
				54DF258E94B828A5495E0902 /* AppConstants.swift in Sources */,
				C861CB10BCDA448E2535EB7B /* AppCoordinator.swift in Sources */,
				ED6537D42B91E05D005C8BE2 /* RecipeDetailViewController.swift in Sources */,
				EDB335ED2B9A2133008FD7AD /* Receiver.swift in Sources */,
				47AFC27B68C73BEF473E8B74 /* AppDelegate.swift in Sources */,
				EDD4883E2BA20A93008FCAF0 /* RecipeDetailResponseDTO.swift in Sources */,
				C9CC647361C65913273A1AAA /* BaseCoordinator.swift in Sources */,
				ED6537EC2B94911B005C8BE2 /* RecipeDetail.swift in Sources */,
				16983A61F50F4264F0AAFC71 /* Bonus.swift in Sources */,
				8D2B7E9120A126911D6EF3A3 /* Bonuses.swift in Sources */,
				EDD488372BA20A93008FCAF0 /* RecipeResponceDTO.swift in Sources */,
				04FEC32D2B8F9EB60091D767 /* RecipeCell.swift in Sources */,
				788649B3899EA19983CDBE6D /* BonusesPresenter.swift in Sources */,
				ED0EA8402BA246B000A757E1 /* ErrorView.swift in Sources */,
				ED6537E42B91F2DB005C8BE2 /* Image.swift in Sources */,
				04FEC3312B90B2D00091D767 /* StorageRecipes.swift in Sources */,
				DF74EB171B6BB6DA1FE55530 /* BonusesTableViewCell.swift in Sources */,
				0469A1D02B931FCB006F349A /* BasketView.swift in Sources */,
				C177D56382AE30999FEA8D1F /* BonusesViewController.swift in Sources */,
				EDB335BC2B966180008FD7AD /* ShimmerRecipeTableViewCell.swift in Sources */,
				EDB336392BA107F1008FD7AD /* Recipe.swift in Sources */,
				ED9F30AA2B8FBED00069D8E2 /* Category.swift in Sources */,
				3D1E8686A7D68154B8D22B97 /* MainTabBarBuilder.swift in Sources */,
				981F24736C3C9CB2FD809B23 /* CellProtocol.swift in Sources */,
				0469A20E2B9605D5006F349A /* LoginPresenter.swift in Sources */,
				EDD4883C2BA20A93008FCAF0 /* TotalNutrientsDTO.swift in Sources */,
				ED6537DE2B91F297005C8BE2 /* RecipeDetailProtocol.swift in Sources */,
				487C6D29AEAC58096001FD9B /* CellsTypes.swift in Sources */,
				B74658D99DAE048F54FE7624 /* Favorites.swift in Sources */,
				04861E5C2BA0F72C00921137 /* RequestCreator.swift in Sources */,
				EDB335EB2B9A2122008FD7AD /* Command.swift in Sources */,
				EDB335C02B979E03008FD7AD /* CGColor+Extension.swift in Sources */,
				69BC773F1FE7F038321E12A2 /* FavoritesCoordinator.swift in Sources */,
				015071CFB03747F1C83ED6E6 /* FavoritesPresenter.swift in Sources */,
				EDD488382BA20A93008FCAF0 /* RecipeDTO.swift in Sources */,
				360A7FFC4D48100CF9191E84 /* FavoritesViewController.swift in Sources */,
				ED9F30A82B8FBEB70069D8E2 /* CategoryCollectionViewCell.swift in Sources */,
				276D51793032EA26BBFEB2A7 /* Info.swift in Sources */,
				ED6537EA2B91F4AB005C8BE2 /* TextTableViewCell.swift in Sources */,
				04861E512BA08EF400921137 /* NetworkService.swift in Sources */,
				E40C6F1705DBD7B27FBA0796 /* InfoTableViewCell.swift in Sources */,
				04FEC31D2B8F94500091D767 /* CategoryPresenter.swift in Sources */,
				0469A1CE2B923227006F349A /* StorageFavorites.swift in Sources */,
				1C3A9F21A21CB3F8D2D21D3A /* LogOut.swift in Sources */,
				ED6537DC2B91F1F0005C8BE2 /* DetailCellType.swift in Sources */,
				6BFD435F7249D6C74016FE4A /* LogOutTableViewCell.swift in Sources */,
				EDD488392BA20A93008FCAF0 /* RecipeHitDTO.swift in Sources */,
				04FEC31A2B8F94010091D767 /* CategoryViewController.swift in Sources */,
				ED0EA86A2BA3396A00A757E1 /* ShimmerImageTableViewCell.swift in Sources */,
				85668033CE189CFC2EE1EC8F /* LoginCoordinator.swift in Sources */,
				047A505E2B99A34200797AAD /* UserCaretaker.swift in Sources */,
				92B85DE393ADE8B04925252A /* LoginViewController.swift in Sources */,
				EDD488402BA20A93008FCAF0 /* TotalDTO.swift in Sources */,
				7624FE4A1C1A909CD406CC67 /* LoginViewControllerCoordinator.swift in Sources */,
				5EFC07E4EBB455E1FF8A82AC /* MainTabBarViewController.swift in Sources */,
				ED6537E02B91F2B9005C8BE2 /* Text.swift in Sources */,
				ED6537D62B91E07A005C8BE2 /* DetailPresenter.swift in Sources */,
				4F0E92857560E63842C896D1 /* Profile.swift in Sources */,
				726A807D43AEF794A712114F /* ProfileCoordinator.swift in Sources */,
				ED6537E22B91F2CD005C8BE2 /* InfoRecipe.swift in Sources */,
				995902DCA50F73D6B693F43A /* ProfilePresenter.swift in Sources */,
				EDD4883B2BA20A93008FCAF0 /* RecipeDetailDTO.swift in Sources */,
				047A50622B99EBD300797AAD /* UserMemento.swift in Sources */,
				ED6537CE2B91920D005C8BE2 /* StorageCategory.swift in Sources */,
				4B73D309DEAD3C1A35B0DF98 /* ProfileViewController.swift in Sources */,
				EDB335BE2B978DBB008FD7AD /* UIColor+Extension.swift in Sources */,
				0469A25F2B984E88006F349A /* State.swift in Sources */,
				7EEA770942ADA3FF3BD5798F /* CategoryType.swift in Sources */,
				ED22ED8A2BA238F9001D919C /* UIImage+Extension.swift in Sources */,
				EDB335E42B99D6A4008FD7AD /* ImagePicker.swift in Sources */,
				0469A2C72B98B207006F349A /* StateButton.swift in Sources */,
				EDB335E72B9A1F83008FD7AD /* LogActions.swift in Sources */,
				EDD4883A2BA20A93008FCAF0 /* RecipeDetailHitDTO.swift in Sources */,
				CEEB83723799F51874159F69 /* RecipesCoordinator.swift in Sources */,
				70419907185A5729727C7ABB /* RecipesPresenter.swift in Sources */,
				B9B4FD3C53A944F5AC43F825 /* RecipesViewController.swift in Sources */,
				047A50602B99D48200797AAD /* UserOriginator.swift in Sources */,
				EDD4883F2BA20A93008FCAF0 /* ImagesDTO.swift in Sources */,
				04861E5A2BA0C75200921137 /* Detalis.swift in Sources */,
				04460AAB2B9D97BC0065D50C /* FavoritesStorageService.swift in Sources */,
				ED6537EE2B94A174005C8BE2 /* StorageDetail.swift in Sources */,
				EDB335C22B97B1C2008FD7AD /* UIFont+Extension.swift in Sources */,
				ECB98BF27F96C17F3BF0C185 /* SceneDelegate.swift in Sources */,
				EDB335BA2B9612F7008FD7AD /* StateTerms.swift in Sources */,
				ED6537E62B91F48A005C8BE2 /* ImageTableViewCell.swift in Sources */,
				33FF6C9945DC5EF6B190119C /* Terms.swift in Sources */,
				ED6537E82B91F49B005C8BE2 /* InfoRecipeTableViewCell.swift in Sources */,
				EDB335E92B9A2110008FD7AD /* Invoker.swift in Sources */,
				C93EFBD768DBA88B24DD00B3 /* TermsPolicyView.swift in Sources */,
				ED9F30A32B8F640F0069D8E2 /* TypeAlias.swift in Sources */,
				EC76E24A30F24713BD49711D /* TermsTableViewCell.swift in Sources */,
				12BB284FF2ACBC8F06288E15 /* UIView+Extension.swift in Sources */,
				04FEC31F2B8F945C0091D767 /* Recipes.swift in Sources */,
				EDD4883D2BA20A93008FCAF0 /* LargeDTO.swift in Sources */,
				047A505C2B99A2E700797AAD /* User.swift in Sources */,
			);
			runOnlyForDeploymentPostprocessing = 0;
		};
/* End PBXSourcesBuildPhase section */

/* Begin PBXVariantGroup section */
		38EF68AA2BBA5083D179CDBD /* Main.storyboard */ = {
			isa = PBXVariantGroup;
			children = (
				195F53FE1C150A44C6F01724 /* Base */,
			);
			name = Main.storyboard;
			sourceTree = "<group>";
		};
		E1F27B60849A7196363239AB /* LaunchScreen.storyboard */ = {
			isa = PBXVariantGroup;
			children = (
				B8C487E2D83D643460A45915 /* Base */,
			);
			name = LaunchScreen.storyboard;
			sourceTree = "<group>";
		};
/* End PBXVariantGroup section */

/* Begin XCBuildConfiguration section */
		2571ED9FCB4A9E363ECB2D8B /* Debug */ = {
			isa = XCBuildConfiguration;
			buildSettings = {
				ASSETCATALOG_COMPILER_APPICON_NAME = AppIcon;
				ASSETCATALOG_COMPILER_GENERATE_ASSET_SYMBOLS = YES;
				ASSETCATALOG_COMPILER_GENERATE_SWIFT_ASSET_SYMBOL_EXTENSIONS = YES;
				CODE_SIGN_IDENTITY = "iPhone Developer";
				CURRENT_PROJECT_VERSION = 1.0.0;
				DEVELOPMENT_TEAM = "";
				ENABLE_USER_SCRIPT_SANDBOXING = NO;
				GENERATE_INFOPLIST_FILE = YES;
				INFOPLIST_FILE = Recipely/Info.plist;
				INFOPLIST_KEY_UILaunchScreen_Generation = YES;
				IPHONEOS_DEPLOYMENT_TARGET = 16.1;
				LD_RUNPATH_SEARCH_PATHS = (
					"$(inherited)",
					"@executable_path/Frameworks",
				);
				MARKETING_VERSION = 1;
				PRODUCT_BUNDLE_IDENTIFIER = com.recepily.Recipely;
				SDKROOT = iphoneos;
				SWIFT_VERSION = 5.0;
				TARGETED_DEVICE_FAMILY = "1,2";
			};
			name = Debug;
		};
		274145D1692F79A1DBE8F761 /* Release */ = {
			isa = XCBuildConfiguration;
			buildSettings = {
				ALWAYS_SEARCH_USER_PATHS = NO;
				CLANG_ANALYZER_NONNULL = YES;
				CLANG_ANALYZER_NUMBER_OBJECT_CONVERSION = YES_AGGRESSIVE;
				CLANG_CXX_LANGUAGE_STANDARD = "gnu++14";
				CLANG_CXX_LIBRARY = "libc++";
				CLANG_ENABLE_MODULES = YES;
				CLANG_ENABLE_OBJC_ARC = YES;
				CLANG_ENABLE_OBJC_WEAK = YES;
				CLANG_WARN_BLOCK_CAPTURE_AUTORELEASING = YES;
				CLANG_WARN_BOOL_CONVERSION = YES;
				CLANG_WARN_COMMA = YES;
				CLANG_WARN_CONSTANT_CONVERSION = YES;
				CLANG_WARN_DEPRECATED_OBJC_IMPLEMENTATIONS = YES;
				CLANG_WARN_DIRECT_OBJC_ISA_USAGE = YES_ERROR;
				CLANG_WARN_DOCUMENTATION_COMMENTS = YES;
				CLANG_WARN_EMPTY_BODY = YES;
				CLANG_WARN_ENUM_CONVERSION = YES;
				CLANG_WARN_INFINITE_RECURSION = YES;
				CLANG_WARN_INT_CONVERSION = YES;
				CLANG_WARN_NON_LITERAL_NULL_CONVERSION = YES;
				CLANG_WARN_OBJC_IMPLICIT_RETAIN_SELF = YES;
				CLANG_WARN_OBJC_LITERAL_CONVERSION = YES;
				CLANG_WARN_OBJC_ROOT_CLASS = YES_ERROR;
				CLANG_WARN_QUOTED_INCLUDE_IN_FRAMEWORK_HEADER = YES;
				CLANG_WARN_RANGE_LOOP_ANALYSIS = YES;
				CLANG_WARN_STRICT_PROTOTYPES = YES;
				CLANG_WARN_SUSPICIOUS_MOVE = YES;
				CLANG_WARN_UNGUARDED_AVAILABILITY = YES_AGGRESSIVE;
				CLANG_WARN_UNREACHABLE_CODE = YES;
				CLANG_WARN__DUPLICATE_METHOD_MATCH = YES;
				COPY_PHASE_STRIP = NO;
				DEBUG_INFORMATION_FORMAT = "dwarf-with-dsym";
				ENABLE_NS_ASSERTIONS = NO;
				ENABLE_STRICT_OBJC_MSGSEND = YES;
				GCC_C_LANGUAGE_STANDARD = gnu11;
				GCC_NO_COMMON_BLOCKS = YES;
				GCC_WARN_64_TO_32_BIT_CONVERSION = YES;
				GCC_WARN_ABOUT_RETURN_TYPE = YES_ERROR;
				GCC_WARN_UNDECLARED_SELECTOR = YES;
				GCC_WARN_UNINITIALIZED_AUTOS = YES_AGGRESSIVE;
				GCC_WARN_UNUSED_FUNCTION = YES;
				GCC_WARN_UNUSED_VARIABLE = YES;
				IPHONEOS_DEPLOYMENT_TARGET = 15.0;
				MTL_ENABLE_DEBUG_INFO = NO;
				MTL_FAST_MATH = YES;
				PRODUCT_NAME = "$(TARGET_NAME)";
				SDKROOT = iphoneos;
				SWIFT_COMPILATION_MODE = wholemodule;
				SWIFT_OPTIMIZATION_LEVEL = "-O";
				SWIFT_VERSION = 5.0;
			};
			name = Release;
		};
		F5C5949C11BD90773AFCD5E2 /* Release */ = {
			isa = XCBuildConfiguration;
			buildSettings = {
				ASSETCATALOG_COMPILER_APPICON_NAME = AppIcon;
				ASSETCATALOG_COMPILER_GENERATE_ASSET_SYMBOLS = YES;
				ASSETCATALOG_COMPILER_GENERATE_SWIFT_ASSET_SYMBOL_EXTENSIONS = YES;
				CODE_SIGN_IDENTITY = "iPhone Developer";
				CURRENT_PROJECT_VERSION = 1.0.0;
				DEVELOPMENT_TEAM = "";
				ENABLE_USER_SCRIPT_SANDBOXING = NO;
				GENERATE_INFOPLIST_FILE = YES;
				INFOPLIST_FILE = Recipely/Info.plist;
				INFOPLIST_KEY_UILaunchScreen_Generation = YES;
				IPHONEOS_DEPLOYMENT_TARGET = 16.1;
				LD_RUNPATH_SEARCH_PATHS = (
					"$(inherited)",
					"@executable_path/Frameworks",
				);
				MARKETING_VERSION = 1;
				PRODUCT_BUNDLE_IDENTIFIER = com.recepily.Recipely;
				SDKROOT = iphoneos;
				SWIFT_VERSION = 5.0;
				TARGETED_DEVICE_FAMILY = "1,2";
			};
			name = Release;
		};
		FD0EC718061C187AF81E44A6 /* Debug */ = {
			isa = XCBuildConfiguration;
			buildSettings = {
				ALWAYS_SEARCH_USER_PATHS = NO;
				CLANG_ANALYZER_NONNULL = YES;
				CLANG_ANALYZER_NUMBER_OBJECT_CONVERSION = YES_AGGRESSIVE;
				CLANG_CXX_LANGUAGE_STANDARD = "gnu++14";
				CLANG_CXX_LIBRARY = "libc++";
				CLANG_ENABLE_MODULES = YES;
				CLANG_ENABLE_OBJC_ARC = YES;
				CLANG_ENABLE_OBJC_WEAK = YES;
				CLANG_WARN_BLOCK_CAPTURE_AUTORELEASING = YES;
				CLANG_WARN_BOOL_CONVERSION = YES;
				CLANG_WARN_COMMA = YES;
				CLANG_WARN_CONSTANT_CONVERSION = YES;
				CLANG_WARN_DEPRECATED_OBJC_IMPLEMENTATIONS = YES;
				CLANG_WARN_DIRECT_OBJC_ISA_USAGE = YES_ERROR;
				CLANG_WARN_DOCUMENTATION_COMMENTS = YES;
				CLANG_WARN_EMPTY_BODY = YES;
				CLANG_WARN_ENUM_CONVERSION = YES;
				CLANG_WARN_INFINITE_RECURSION = YES;
				CLANG_WARN_INT_CONVERSION = YES;
				CLANG_WARN_NON_LITERAL_NULL_CONVERSION = YES;
				CLANG_WARN_OBJC_IMPLICIT_RETAIN_SELF = YES;
				CLANG_WARN_OBJC_LITERAL_CONVERSION = YES;
				CLANG_WARN_OBJC_ROOT_CLASS = YES_ERROR;
				CLANG_WARN_QUOTED_INCLUDE_IN_FRAMEWORK_HEADER = YES;
				CLANG_WARN_RANGE_LOOP_ANALYSIS = YES;
				CLANG_WARN_STRICT_PROTOTYPES = YES;
				CLANG_WARN_SUSPICIOUS_MOVE = YES;
				CLANG_WARN_UNGUARDED_AVAILABILITY = YES_AGGRESSIVE;
				CLANG_WARN_UNREACHABLE_CODE = YES;
				CLANG_WARN__DUPLICATE_METHOD_MATCH = YES;
				COPY_PHASE_STRIP = NO;
				DEBUG_INFORMATION_FORMAT = dwarf;
				ENABLE_STRICT_OBJC_MSGSEND = YES;
				ENABLE_TESTABILITY = YES;
				GCC_C_LANGUAGE_STANDARD = gnu11;
				GCC_DYNAMIC_NO_PIC = NO;
				GCC_NO_COMMON_BLOCKS = YES;
				GCC_OPTIMIZATION_LEVEL = 0;
				GCC_PREPROCESSOR_DEFINITIONS = (
					"$(inherited)",
					"DEBUG=1",
				);
				GCC_WARN_64_TO_32_BIT_CONVERSION = YES;
				GCC_WARN_ABOUT_RETURN_TYPE = YES_ERROR;
				GCC_WARN_UNDECLARED_SELECTOR = YES;
				GCC_WARN_UNINITIALIZED_AUTOS = YES_AGGRESSIVE;
				GCC_WARN_UNUSED_FUNCTION = YES;
				GCC_WARN_UNUSED_VARIABLE = YES;
				IPHONEOS_DEPLOYMENT_TARGET = 15.0;
				MTL_ENABLE_DEBUG_INFO = INCLUDE_SOURCE;
				MTL_FAST_MATH = YES;
				ONLY_ACTIVE_ARCH = YES;
				PRODUCT_NAME = "$(TARGET_NAME)";
				SDKROOT = iphoneos;
				SWIFT_ACTIVE_COMPILATION_CONDITIONS = DEBUG;
				SWIFT_OPTIMIZATION_LEVEL = "-Onone";
				SWIFT_VERSION = 5.0;
			};
			name = Debug;
		};
/* End XCBuildConfiguration section */

/* Begin XCConfigurationList section */
		724FAC2239EDD3A42967460C /* Build configuration list for PBXProject "Recipely" */ = {
			isa = XCConfigurationList;
			buildConfigurations = (
				FD0EC718061C187AF81E44A6 /* Debug */,
				274145D1692F79A1DBE8F761 /* Release */,
			);
			defaultConfigurationIsVisible = 0;
			defaultConfigurationName = Debug;
		};
		88988646ADCF5B0DCCA6FF50 /* Build configuration list for PBXNativeTarget "Recipely" */ = {
			isa = XCConfigurationList;
			buildConfigurations = (
				2571ED9FCB4A9E363ECB2D8B /* Debug */,
				F5C5949C11BD90773AFCD5E2 /* Release */,
			);
			defaultConfigurationIsVisible = 0;
			defaultConfigurationName = Debug;
		};
/* End XCConfigurationList section */
	};
	rootObject = C4ABA892C6AFDEF75DD5AA89 /* Project object */;
}
