// !$*UTF8*$!
{
	archiveVersion = 1;
	classes = {
	};
	objectVersion = 56;
	objects = {

/* Begin PBXBuildFile section */
		042227612B8D697500D6F2D2 /* BaseCoordinator.swift in Sources */ = {isa = PBXBuildFile; fileRef = 042227602B8D697500D6F2D2 /* BaseCoordinator.swift */; };
		042227632B8D6A1A00D6F2D2 /* AppCoordinator.swift in Sources */ = {isa = PBXBuildFile; fileRef = 042227622B8D6A1A00D6F2D2 /* AppCoordinator.swift */; };
		042227682B8D6AB400D6F2D2 /* FavoritesPresenter.swift in Sources */ = {isa = PBXBuildFile; fileRef = 042227672B8D6AB400D6F2D2 /* FavoritesPresenter.swift */; };
		0422276C2B8D6AF800D6F2D2 /* RecipesPresenter.swift in Sources */ = {isa = PBXBuildFile; fileRef = 0422276B2B8D6AF800D6F2D2 /* RecipesPresenter.swift */; };
		0422276E2B8D6BB600D6F2D2 /* RecipesCoordinator.swift in Sources */ = {isa = PBXBuildFile; fileRef = 0422276D2B8D6BB600D6F2D2 /* RecipesCoordinator.swift */; };
		042227712B8D6E7600D6F2D2 /* Recipes.swift in Sources */ = {isa = PBXBuildFile; fileRef = 042227702B8D6E7600D6F2D2 /* Recipes.swift */; };
		042227732B8D6EA900D6F2D2 /* Favorites.swift in Sources */ = {isa = PBXBuildFile; fileRef = 042227722B8D6EA900D6F2D2 /* Favorites.swift */; };
		042227752B8D6F6E00D6F2D2 /* FavoritesCoordinator.swift in Sources */ = {isa = PBXBuildFile; fileRef = 042227742B8D6F6E00D6F2D2 /* FavoritesCoordinator.swift */; };
		042227782B8D707400D6F2D2 /* Profile.swift in Sources */ = {isa = PBXBuildFile; fileRef = 042227772B8D707400D6F2D2 /* Profile.swift */; };
		0422277C2B8D709600D6F2D2 /* ProfilePresenter.swift in Sources */ = {isa = PBXBuildFile; fileRef = 0422277B2B8D709600D6F2D2 /* ProfilePresenter.swift */; };
		0422277E2B8D70F000D6F2D2 /* ProfileCoordinator.swift in Sources */ = {isa = PBXBuildFile; fileRef = 0422277D2B8D70F000D6F2D2 /* ProfileCoordinator.swift */; };
		042227812B8D728800D6F2D2 /* Builder.swift in Sources */ = {isa = PBXBuildFile; fileRef = 042227802B8D728800D6F2D2 /* Builder.swift */; };
		042227832B8DFBAC00D6F2D2 /* LoginPresenter.swift in Sources */ = {isa = PBXBuildFile; fileRef = 042227822B8DFBAC00D6F2D2 /* LoginPresenter.swift */; };
		042227852B8DFC5600D6F2D2 /* LoginCoordinator.swift in Sources */ = {isa = PBXBuildFile; fileRef = 042227842B8DFC5600D6F2D2 /* LoginCoordinator.swift */; };
		042227892B8E430B00D6F2D2 /* LoginViewController.swift in Sources */ = {isa = PBXBuildFile; fileRef = 042227882B8E430B00D6F2D2 /* LoginViewController.swift */; };
		0422278C2B8E6AC800D6F2D2 /* UIView+Extension.swift in Sources */ = {isa = PBXBuildFile; fileRef = 0422278B2B8E6AC800D6F2D2 /* UIView+Extension.swift */; };
		ED7B3D252B8CEA9A00C04253 /* MainTabBarViewController.swift in Sources */ = {isa = PBXBuildFile; fileRef = ED7B3D242B8CEA9A00C04253 /* MainTabBarViewController.swift */; };
		ED7B3D272B8CEAD200C04253 /* ProfileViewController.swift in Sources */ = {isa = PBXBuildFile; fileRef = ED7B3D262B8CEAD200C04253 /* ProfileViewController.swift */; };
		ED7B3D292B8CEB1A00C04253 /* FavoritesViewController.swift in Sources */ = {isa = PBXBuildFile; fileRef = ED7B3D282B8CEB1A00C04253 /* FavoritesViewController.swift */; };
		ED7B3D2B2B8CEB2900C04253 /* RecipesViewController.swift in Sources */ = {isa = PBXBuildFile; fileRef = ED7B3D2A2B8CEB2900C04253 /* RecipesViewController.swift */; };
		ED7B3D2D2B8CEFB000C04253 /* AppConstants.swift in Sources */ = {isa = PBXBuildFile; fileRef = ED7B3D2C2B8CEFB000C04253 /* AppConstants.swift */; };
		ED957B822B8CD64C00761177 /* AppDelegate.swift in Sources */ = {isa = PBXBuildFile; fileRef = ED957B812B8CD64C00761177 /* AppDelegate.swift */; };
		ED957B842B8CD64C00761177 /* SceneDelegate.swift in Sources */ = {isa = PBXBuildFile; fileRef = ED957B832B8CD64C00761177 /* SceneDelegate.swift */; };
		ED957B892B8CD64C00761177 /* Main.storyboard in Resources */ = {isa = PBXBuildFile; fileRef = ED957B872B8CD64C00761177 /* Main.storyboard */; };
		ED957B8B2B8CD64E00761177 /* Assets.xcassets in Resources */ = {isa = PBXBuildFile; fileRef = ED957B8A2B8CD64E00761177 /* Assets.xcassets */; };
		ED957B8E2B8CD64E00761177 /* LaunchScreen.storyboard in Resources */ = {isa = PBXBuildFile; fileRef = ED957B8C2B8CD64E00761177 /* LaunchScreen.storyboard */; };
/* End PBXBuildFile section */

/* Begin PBXFileReference section */
		042227602B8D697500D6F2D2 /* BaseCoordinator.swift */ = {isa = PBXFileReference; lastKnownFileType = sourcecode.swift; path = BaseCoordinator.swift; sourceTree = "<group>"; };
		042227622B8D6A1A00D6F2D2 /* AppCoordinator.swift */ = {isa = PBXFileReference; lastKnownFileType = sourcecode.swift; path = AppCoordinator.swift; sourceTree = "<group>"; };
		042227672B8D6AB400D6F2D2 /* FavoritesPresenter.swift */ = {isa = PBXFileReference; lastKnownFileType = sourcecode.swift; path = FavoritesPresenter.swift; sourceTree = "<group>"; };
		0422276B2B8D6AF800D6F2D2 /* RecipesPresenter.swift */ = {isa = PBXFileReference; lastKnownFileType = sourcecode.swift; path = RecipesPresenter.swift; sourceTree = "<group>"; };
		0422276D2B8D6BB600D6F2D2 /* RecipesCoordinator.swift */ = {isa = PBXFileReference; lastKnownFileType = sourcecode.swift; path = RecipesCoordinator.swift; sourceTree = "<group>"; };
		042227702B8D6E7600D6F2D2 /* Recipes.swift */ = {isa = PBXFileReference; lastKnownFileType = sourcecode.swift; path = Recipes.swift; sourceTree = "<group>"; };
		042227722B8D6EA900D6F2D2 /* Favorites.swift */ = {isa = PBXFileReference; lastKnownFileType = sourcecode.swift; path = Favorites.swift; sourceTree = "<group>"; };
		042227742B8D6F6E00D6F2D2 /* FavoritesCoordinator.swift */ = {isa = PBXFileReference; lastKnownFileType = sourcecode.swift; path = FavoritesCoordinator.swift; sourceTree = "<group>"; };
		042227772B8D707400D6F2D2 /* Profile.swift */ = {isa = PBXFileReference; lastKnownFileType = sourcecode.swift; path = Profile.swift; sourceTree = "<group>"; };
		0422277B2B8D709600D6F2D2 /* ProfilePresenter.swift */ = {isa = PBXFileReference; lastKnownFileType = sourcecode.swift; path = ProfilePresenter.swift; sourceTree = "<group>"; };
		0422277D2B8D70F000D6F2D2 /* ProfileCoordinator.swift */ = {isa = PBXFileReference; lastKnownFileType = sourcecode.swift; path = ProfileCoordinator.swift; sourceTree = "<group>"; };
		042227802B8D728800D6F2D2 /* Builder.swift */ = {isa = PBXFileReference; lastKnownFileType = sourcecode.swift; path = Builder.swift; sourceTree = "<group>"; };
		042227822B8DFBAC00D6F2D2 /* LoginPresenter.swift */ = {isa = PBXFileReference; lastKnownFileType = sourcecode.swift; path = LoginPresenter.swift; sourceTree = "<group>"; };
		042227842B8DFC5600D6F2D2 /* LoginCoordinator.swift */ = {isa = PBXFileReference; lastKnownFileType = sourcecode.swift; path = LoginCoordinator.swift; sourceTree = "<group>"; };
		042227882B8E430B00D6F2D2 /* LoginViewController.swift */ = {isa = PBXFileReference; lastKnownFileType = sourcecode.swift; path = LoginViewController.swift; sourceTree = "<group>"; };
		0422278B2B8E6AC800D6F2D2 /* UIView+Extension.swift */ = {isa = PBXFileReference; lastKnownFileType = sourcecode.swift; path = "UIView+Extension.swift"; sourceTree = "<group>"; };
		ED7B3D242B8CEA9A00C04253 /* MainTabBarViewController.swift */ = {isa = PBXFileReference; fileEncoding = 4; lastKnownFileType = sourcecode.swift; path = MainTabBarViewController.swift; sourceTree = "<group>"; };
		ED7B3D262B8CEAD200C04253 /* ProfileViewController.swift */ = {isa = PBXFileReference; lastKnownFileType = sourcecode.swift; path = ProfileViewController.swift; sourceTree = "<group>"; };
		ED7B3D282B8CEB1A00C04253 /* FavoritesViewController.swift */ = {isa = PBXFileReference; lastKnownFileType = sourcecode.swift; path = FavoritesViewController.swift; sourceTree = "<group>"; };
		ED7B3D2A2B8CEB2900C04253 /* RecipesViewController.swift */ = {isa = PBXFileReference; lastKnownFileType = sourcecode.swift; path = RecipesViewController.swift; sourceTree = "<group>"; };
		ED7B3D2C2B8CEFB000C04253 /* AppConstants.swift */ = {isa = PBXFileReference; lastKnownFileType = sourcecode.swift; path = AppConstants.swift; sourceTree = "<group>"; };
		ED957B7E2B8CD64C00761177 /* Recipely.app */ = {isa = PBXFileReference; explicitFileType = wrapper.application; includeInIndex = 0; path = Recipely.app; sourceTree = BUILT_PRODUCTS_DIR; };
		ED957B812B8CD64C00761177 /* AppDelegate.swift */ = {isa = PBXFileReference; lastKnownFileType = sourcecode.swift; path = AppDelegate.swift; sourceTree = "<group>"; };
		ED957B832B8CD64C00761177 /* SceneDelegate.swift */ = {isa = PBXFileReference; lastKnownFileType = sourcecode.swift; path = SceneDelegate.swift; sourceTree = "<group>"; };
		ED957B882B8CD64C00761177 /* Base */ = {isa = PBXFileReference; lastKnownFileType = file.storyboard; name = Base; path = Base.lproj/Main.storyboard; sourceTree = "<group>"; };
		ED957B8A2B8CD64E00761177 /* Assets.xcassets */ = {isa = PBXFileReference; lastKnownFileType = folder.assetcatalog; path = Assets.xcassets; sourceTree = "<group>"; };
		ED957B8D2B8CD64E00761177 /* Base */ = {isa = PBXFileReference; lastKnownFileType = file.storyboard; name = Base; path = Base.lproj/LaunchScreen.storyboard; sourceTree = "<group>"; };
		ED957B8F2B8CD64E00761177 /* Info.plist */ = {isa = PBXFileReference; lastKnownFileType = text.plist.xml; path = Info.plist; sourceTree = "<group>"; };
/* End PBXFileReference section */

/* Begin PBXFrameworksBuildPhase section */
		ED957B7B2B8CD64C00761177 /* Frameworks */ = {
			isa = PBXFrameworksBuildPhase;
			buildActionMask = 2147483647;
			files = (
			);
			runOnlyForDeploymentPostprocessing = 0;
		};
/* End PBXFrameworksBuildPhase section */

/* Begin PBXGroup section */
		042227562B8D063300D6F2D2 /* View */ = {
			isa = PBXGroup;
			children = (
				042227882B8E430B00D6F2D2 /* LoginViewController.swift */,
			);
			path = View;
			sourceTree = "<group>";
		};
		042227572B8D063D00D6F2D2 /* Model */ = {
			isa = PBXGroup;
			children = (
			);
			path = Model;
			sourceTree = "<group>";
		};
		042227582B8D064300D6F2D2 /* Presenter */ = {
			isa = PBXGroup;
			children = (
				042227822B8DFBAC00D6F2D2 /* LoginPresenter.swift */,
			);
			path = Presenter;
			sourceTree = "<group>";
		};
		0422275F2B8D694D00D6F2D2 /* Coordinaters */ = {
			isa = PBXGroup;
			children = (
				0422277F2B8D727D00D6F2D2 /* Builder */,
				042227602B8D697500D6F2D2 /* BaseCoordinator.swift */,
				042227622B8D6A1A00D6F2D2 /* AppCoordinator.swift */,
				0422276D2B8D6BB600D6F2D2 /* RecipesCoordinator.swift */,
				042227742B8D6F6E00D6F2D2 /* FavoritesCoordinator.swift */,
				0422277D2B8D70F000D6F2D2 /* ProfileCoordinator.swift */,
				042227842B8DFC5600D6F2D2 /* LoginCoordinator.swift */,
			);
			path = Coordinaters;
			sourceTree = "<group>";
		};
		042227642B8D6A6D00D6F2D2 /* View */ = {
			isa = PBXGroup;
			children = (
				ED7B3D282B8CEB1A00C04253 /* FavoritesViewController.swift */,
			);
			path = View;
			sourceTree = "<group>";
		};
		042227652B8D6A7600D6F2D2 /* Presenter */ = {
			isa = PBXGroup;
			children = (
				042227672B8D6AB400D6F2D2 /* FavoritesPresenter.swift */,
			);
			path = Presenter;
			sourceTree = "<group>";
		};
		042227662B8D6A8C00D6F2D2 /* Model */ = {
			isa = PBXGroup;
			children = (
				042227722B8D6EA900D6F2D2 /* Favorites.swift */,
			);
			path = Model;
			sourceTree = "<group>";
		};
		042227692B8D6ADF00D6F2D2 /* View */ = {
			isa = PBXGroup;
			children = (
				ED7B3D2A2B8CEB2900C04253 /* RecipesViewController.swift */,
			);
			path = View;
			sourceTree = "<group>";
		};
		0422276A2B8D6AE600D6F2D2 /* Presenter */ = {
			isa = PBXGroup;
			children = (
				0422276B2B8D6AF800D6F2D2 /* RecipesPresenter.swift */,
			);
			path = Presenter;
			sourceTree = "<group>";
		};
		0422276F2B8D6E6400D6F2D2 /* Model */ = {
			isa = PBXGroup;
			children = (
				042227702B8D6E7600D6F2D2 /* Recipes.swift */,
			);
			path = Model;
			sourceTree = "<group>";
		};
		042227762B8D706200D6F2D2 /* View */ = {
			isa = PBXGroup;
			children = (
				ED7B3D262B8CEAD200C04253 /* ProfileViewController.swift */,
			);
			path = View;
			sourceTree = "<group>";
		};
		042227792B8D707600D6F2D2 /* Model */ = {
			isa = PBXGroup;
			children = (
				042227772B8D707400D6F2D2 /* Profile.swift */,
			);
			path = Model;
			sourceTree = "<group>";
		};
		0422277A2B8D708300D6F2D2 /* Presenter */ = {
			isa = PBXGroup;
			children = (
				0422277B2B8D709600D6F2D2 /* ProfilePresenter.swift */,
			);
			path = Presenter;
			sourceTree = "<group>";
		};
		0422277F2B8D727D00D6F2D2 /* Builder */ = {
			isa = PBXGroup;
			children = (
				042227802B8D728800D6F2D2 /* Builder.swift */,
			);
			path = Builder;
			sourceTree = "<group>";
		};
		0422278A2B8E6A8A00D6F2D2 /* Extensions */ = {
			isa = PBXGroup;
			children = (
				0422278B2B8E6AC800D6F2D2 /* UIView+Extension.swift */,
			);
			path = Extensions;
			sourceTree = "<group>";
		};
		ED957B752B8CD64C00761177 = {
			isa = PBXGroup;
			children = (
				ED957B802B8CD64C00761177 /* Recipely */,
				ED957B7F2B8CD64C00761177 /* Products */,
			);
			sourceTree = "<group>";
		};
		ED957B7F2B8CD64C00761177 /* Products */ = {
			isa = PBXGroup;
			children = (
				ED957B7E2B8CD64C00761177 /* Recipely.app */,
			);
			name = Products;
			sourceTree = "<group>";
		};
		ED957B802B8CD64C00761177 /* Recipely */ = {
			isa = PBXGroup;
			children = (
				0422275F2B8D694D00D6F2D2 /* Coordinaters */,
				ED957BA82B8CE94900761177 /* ProfileScreen */,
				ED957BA72B8CE83E00761177 /* FavoritesScreen */,
				ED957BA62B8CE7ED00761177 /* RecipesScreeen */,
				ED957B872B8CD64C00761177 /* Main.storyboard */,
				ED957BA92B8CE95E00761177 /* LoginScreen */,
				ED957B8A2B8CD64E00761177 /* Assets.xcassets */,
				ED957B8C2B8CD64E00761177 /* LaunchScreen.storyboard */,
				ED957B8F2B8CD64E00761177 /* Info.plist */,
				0422278A2B8E6A8A00D6F2D2 /* Extensions */,
				ED957BAB2B8CE99200761177 /* TabBar */,
				ED957BAA2B8CE96F00761177 /* Delegate */,
			);
			path = Recipely;
			sourceTree = "<group>";
		};
		ED957BA62B8CE7ED00761177 /* RecipesScreeen */ = {
			isa = PBXGroup;
			children = (
				0422276F2B8D6E6400D6F2D2 /* Model */,
				0422276A2B8D6AE600D6F2D2 /* Presenter */,
				042227692B8D6ADF00D6F2D2 /* View */,
			);
			path = RecipesScreeen;
			sourceTree = "<group>";
		};
		ED957BA72B8CE83E00761177 /* FavoritesScreen */ = {
			isa = PBXGroup;
			children = (
				042227662B8D6A8C00D6F2D2 /* Model */,
				042227652B8D6A7600D6F2D2 /* Presenter */,
				042227642B8D6A6D00D6F2D2 /* View */,
			);
			path = FavoritesScreen;
			sourceTree = "<group>";
		};
		ED957BA82B8CE94900761177 /* ProfileScreen */ = {
			isa = PBXGroup;
			children = (
				0422277A2B8D708300D6F2D2 /* Presenter */,
				042227792B8D707600D6F2D2 /* Model */,
				042227762B8D706200D6F2D2 /* View */,
			);
			path = ProfileScreen;
			sourceTree = "<group>";
		};
		ED957BA92B8CE95E00761177 /* LoginScreen */ = {
			isa = PBXGroup;
			children = (
				042227582B8D064300D6F2D2 /* Presenter */,
				042227572B8D063D00D6F2D2 /* Model */,
				042227562B8D063300D6F2D2 /* View */,
			);
			path = LoginScreen;
			sourceTree = "<group>";
		};
		ED957BAA2B8CE96F00761177 /* Delegate */ = {
			isa = PBXGroup;
			children = (
				ED957B832B8CD64C00761177 /* SceneDelegate.swift */,
				ED957B812B8CD64C00761177 /* AppDelegate.swift */,
				ED7B3D2C2B8CEFB000C04253 /* AppConstants.swift */,
			);
			path = Delegate;
			sourceTree = "<group>";
		};
		ED957BAB2B8CE99200761177 /* TabBar */ = {
			isa = PBXGroup;
			children = (
				ED7B3D242B8CEA9A00C04253 /* MainTabBarViewController.swift */,
			);
			path = TabBar;
			sourceTree = "<group>";
		};
/* End PBXGroup section */

/* Begin PBXNativeTarget section */
		ED957B7D2B8CD64C00761177 /* Recipely */ = {
			isa = PBXNativeTarget;
			buildConfigurationList = ED957B922B8CD64E00761177 /* Build configuration list for PBXNativeTarget "Recipely" */;
			buildPhases = (
				ED957B952B8CD83E00761177 /* SwiftFormat */,
				ED957B972B8CD85F00761177 /* SwiftLint */,
				ED957B7A2B8CD64C00761177 /* Sources */,
				ED957B7B2B8CD64C00761177 /* Frameworks */,
				ED957B7C2B8CD64C00761177 /* Resources */,
			);
			buildRules = (
			);
			dependencies = (
			);
			name = Recipely;
			productName = Recipely;
			productReference = ED957B7E2B8CD64C00761177 /* Recipely.app */;
			productType = "com.apple.product-type.application";
		};
/* End PBXNativeTarget section */

/* Begin PBXProject section */
		ED957B762B8CD64C00761177 /* Project object */ = {
			isa = PBXProject;
			attributes = {
				BuildIndependentTargetsInParallel = 1;
				LastSwiftUpdateCheck = 1430;
				LastUpgradeCheck = 1430;
				TargetAttributes = {
					ED957B7D2B8CD64C00761177 = {
						CreatedOnToolsVersion = 14.3.1;
					};
				};
			};
			buildConfigurationList = ED957B792B8CD64C00761177 /* Build configuration list for PBXProject "Recipely" */;
			compatibilityVersion = "Xcode 14.0";
			developmentRegion = en;
			hasScannedForEncodings = 0;
			knownRegions = (
				en,
				Base,
			);
			mainGroup = ED957B752B8CD64C00761177;
			productRefGroup = ED957B7F2B8CD64C00761177 /* Products */;
			projectDirPath = "";
			projectRoot = "";
			targets = (
				ED957B7D2B8CD64C00761177 /* Recipely */,
			);
		};
/* End PBXProject section */

/* Begin PBXResourcesBuildPhase section */
		ED957B7C2B8CD64C00761177 /* Resources */ = {
			isa = PBXResourcesBuildPhase;
			buildActionMask = 2147483647;
			files = (
				ED957B8E2B8CD64E00761177 /* LaunchScreen.storyboard in Resources */,
				ED957B8B2B8CD64E00761177 /* Assets.xcassets in Resources */,
				ED957B892B8CD64C00761177 /* Main.storyboard in Resources */,
			);
			runOnlyForDeploymentPostprocessing = 0;
		};
/* End PBXResourcesBuildPhase section */

/* Begin PBXShellScriptBuildPhase section */
		ED957B952B8CD83E00761177 /* SwiftFormat */ = {
			isa = PBXShellScriptBuildPhase;
			alwaysOutOfDate = 1;
			buildActionMask = 2147483647;
			files = (
			);
			inputFileListPaths = (
			);
			inputPaths = (
			);
			name = SwiftFormat;
			outputFileListPaths = (
			);
			outputPaths = (
			);
			runOnlyForDeploymentPostprocessing = 0;
			shellPath = /bin/sh;
			shellScript = "if [[ \"$(uname -m)\" == arm64 ]]; then\n    export PATH=\"/opt/homebrew/bin:$PATH\"\nfi\n\nif which swiftformat > /dev/null; then\n  swiftformat .\nelse\n  echo \"warning: SwiftFormat not installed, download from https://github.com/nicklockwood/SwiftFormat\"\nfi\n";
			showEnvVarsInLog = 0;
		};
		ED957B972B8CD85F00761177 /* SwiftLint */ = {
			isa = PBXShellScriptBuildPhase;
			alwaysOutOfDate = 1;
			buildActionMask = 2147483647;
			files = (
			);
			inputFileListPaths = (
			);
			inputPaths = (
			);
			name = SwiftLint;
			outputFileListPaths = (
			);
			outputPaths = (
			);
			runOnlyForDeploymentPostprocessing = 0;
			shellPath = /bin/sh;
			shellScript = "if [[ \"$(uname -m)\" == arm64 ]]; then\n    export PATH=\"/opt/homebrew/bin:$PATH\"\nfi\n\nif which swiftlint > /dev/null; then\n  swiftlint\nelse\n  echo \"warning: SwiftLint not installed, download from https://github.com/realm/SwiftLint\"\nfi\n";
			showEnvVarsInLog = 0;
		};
/* End PBXShellScriptBuildPhase section */

/* Begin PBXSourcesBuildPhase section */
		ED957B7A2B8CD64C00761177 /* Sources */ = {
			isa = PBXSourcesBuildPhase;
			buildActionMask = 2147483647;
			files = (
				042227782B8D707400D6F2D2 /* Profile.swift in Sources */,
				0422276C2B8D6AF800D6F2D2 /* RecipesPresenter.swift in Sources */,
				ED7B3D252B8CEA9A00C04253 /* MainTabBarViewController.swift in Sources */,
				042227892B8E430B00D6F2D2 /* LoginViewController.swift in Sources */,
				042227612B8D697500D6F2D2 /* BaseCoordinator.swift in Sources */,
				042227852B8DFC5600D6F2D2 /* LoginCoordinator.swift in Sources */,
				042227732B8D6EA900D6F2D2 /* Favorites.swift in Sources */,
				042227632B8D6A1A00D6F2D2 /* AppCoordinator.swift in Sources */,
				042227682B8D6AB400D6F2D2 /* FavoritesPresenter.swift in Sources */,
				ED7B3D2B2B8CEB2900C04253 /* RecipesViewController.swift in Sources */,
				042227832B8DFBAC00D6F2D2 /* LoginPresenter.swift in Sources */,
				ED7B3D272B8CEAD200C04253 /* ProfileViewController.swift in Sources */,
				0422277E2B8D70F000D6F2D2 /* ProfileCoordinator.swift in Sources */,
				0422276E2B8D6BB600D6F2D2 /* RecipesCoordinator.swift in Sources */,
				042227712B8D6E7600D6F2D2 /* Recipes.swift in Sources */,
				ED957B822B8CD64C00761177 /* AppDelegate.swift in Sources */,
				042227752B8D6F6E00D6F2D2 /* FavoritesCoordinator.swift in Sources */,
				0422278C2B8E6AC800D6F2D2 /* UIView+Extension.swift in Sources */,
				0422277C2B8D709600D6F2D2 /* ProfilePresenter.swift in Sources */,
				ED7B3D292B8CEB1A00C04253 /* FavoritesViewController.swift in Sources */,
				ED7B3D2D2B8CEFB000C04253 /* AppConstants.swift in Sources */,
				ED957B842B8CD64C00761177 /* SceneDelegate.swift in Sources */,
				042227812B8D728800D6F2D2 /* Builder.swift in Sources */,
			);
			runOnlyForDeploymentPostprocessing = 0;
		};
/* End PBXSourcesBuildPhase section */

/* Begin PBXVariantGroup section */
		ED957B872B8CD64C00761177 /* Main.storyboard */ = {
			isa = PBXVariantGroup;
			children = (
				ED957B882B8CD64C00761177 /* Base */,
			);
			name = Main.storyboard;
			sourceTree = "<group>";
		};
		ED957B8C2B8CD64E00761177 /* LaunchScreen.storyboard */ = {
			isa = PBXVariantGroup;
			children = (
				ED957B8D2B8CD64E00761177 /* Base */,
			);
			name = LaunchScreen.storyboard;
			sourceTree = "<group>";
		};
/* End PBXVariantGroup section */

/* Begin XCBuildConfiguration section */
		ED957B902B8CD64E00761177 /* Debug */ = {
			isa = XCBuildConfiguration;
			buildSettings = {
				ALWAYS_SEARCH_USER_PATHS = NO;
				CLANG_ANALYZER_NONNULL = YES;
				CLANG_ANALYZER_NUMBER_OBJECT_CONVERSION = YES_AGGRESSIVE;
				CLANG_CXX_LANGUAGE_STANDARD = "gnu++20";
				CLANG_ENABLE_MODULES = YES;
				CLANG_ENABLE_OBJC_ARC = YES;
				CLANG_ENABLE_OBJC_WEAK = YES;
				CLANG_WARN_BLOCK_CAPTURE_AUTORELEASING = YES;
				CLANG_WARN_BOOL_CONVERSION = YES;
				CLANG_WARN_COMMA = YES;
				CLANG_WARN_CONSTANT_CONVERSION = YES;
				CLANG_WARN_DEPRECATED_OBJC_IMPLEMENTATIONS = YES;
				CLANG_WARN_DIRECT_OBJC_ISA_USAGE = YES_ERROR;
				CLANG_WARN_DOCUMENTATION_COMMENTS = YES;
				CLANG_WARN_EMPTY_BODY = YES;
				CLANG_WARN_ENUM_CONVERSION = YES;
				CLANG_WARN_INFINITE_RECURSION = YES;
				CLANG_WARN_INT_CONVERSION = YES;
				CLANG_WARN_NON_LITERAL_NULL_CONVERSION = YES;
				CLANG_WARN_OBJC_IMPLICIT_RETAIN_SELF = YES;
				CLANG_WARN_OBJC_LITERAL_CONVERSION = YES;
				CLANG_WARN_OBJC_ROOT_CLASS = YES_ERROR;
				CLANG_WARN_QUOTED_INCLUDE_IN_FRAMEWORK_HEADER = YES;
				CLANG_WARN_RANGE_LOOP_ANALYSIS = YES;
				CLANG_WARN_STRICT_PROTOTYPES = YES;
				CLANG_WARN_SUSPICIOUS_MOVE = YES;
				CLANG_WARN_UNGUARDED_AVAILABILITY = YES_AGGRESSIVE;
				CLANG_WARN_UNREACHABLE_CODE = YES;
				CLANG_WARN__DUPLICATE_METHOD_MATCH = YES;
				COPY_PHASE_STRIP = NO;
				DEBUG_INFORMATION_FORMAT = dwarf;
				ENABLE_STRICT_OBJC_MSGSEND = YES;
				ENABLE_TESTABILITY = YES;
				GCC_C_LANGUAGE_STANDARD = gnu11;
				GCC_DYNAMIC_NO_PIC = NO;
				GCC_NO_COMMON_BLOCKS = YES;
				GCC_OPTIMIZATION_LEVEL = 0;
				GCC_PREPROCESSOR_DEFINITIONS = (
					"DEBUG=1",
					"$(inherited)",
				);
				GCC_WARN_64_TO_32_BIT_CONVERSION = YES;
				GCC_WARN_ABOUT_RETURN_TYPE = YES_ERROR;
				GCC_WARN_UNDECLARED_SELECTOR = YES;
				GCC_WARN_UNINITIALIZED_AUTOS = YES_AGGRESSIVE;
				GCC_WARN_UNUSED_FUNCTION = YES;
				GCC_WARN_UNUSED_VARIABLE = YES;
				IPHONEOS_DEPLOYMENT_TARGET = 16.4;
				MTL_ENABLE_DEBUG_INFO = INCLUDE_SOURCE;
				MTL_FAST_MATH = YES;
				ONLY_ACTIVE_ARCH = YES;
				SDKROOT = iphoneos;
				SWIFT_ACTIVE_COMPILATION_CONDITIONS = DEBUG;
				SWIFT_OPTIMIZATION_LEVEL = "-Onone";
			};
			name = Debug;
		};
		ED957B912B8CD64E00761177 /* Release */ = {
			isa = XCBuildConfiguration;
			buildSettings = {
				ALWAYS_SEARCH_USER_PATHS = NO;
				CLANG_ANALYZER_NONNULL = YES;
				CLANG_ANALYZER_NUMBER_OBJECT_CONVERSION = YES_AGGRESSIVE;
				CLANG_CXX_LANGUAGE_STANDARD = "gnu++20";
				CLANG_ENABLE_MODULES = YES;
				CLANG_ENABLE_OBJC_ARC = YES;
				CLANG_ENABLE_OBJC_WEAK = YES;
				CLANG_WARN_BLOCK_CAPTURE_AUTORELEASING = YES;
				CLANG_WARN_BOOL_CONVERSION = YES;
				CLANG_WARN_COMMA = YES;
				CLANG_WARN_CONSTANT_CONVERSION = YES;
				CLANG_WARN_DEPRECATED_OBJC_IMPLEMENTATIONS = YES;
				CLANG_WARN_DIRECT_OBJC_ISA_USAGE = YES_ERROR;
				CLANG_WARN_DOCUMENTATION_COMMENTS = YES;
				CLANG_WARN_EMPTY_BODY = YES;
				CLANG_WARN_ENUM_CONVERSION = YES;
				CLANG_WARN_INFINITE_RECURSION = YES;
				CLANG_WARN_INT_CONVERSION = YES;
				CLANG_WARN_NON_LITERAL_NULL_CONVERSION = YES;
				CLANG_WARN_OBJC_IMPLICIT_RETAIN_SELF = YES;
				CLANG_WARN_OBJC_LITERAL_CONVERSION = YES;
				CLANG_WARN_OBJC_ROOT_CLASS = YES_ERROR;
				CLANG_WARN_QUOTED_INCLUDE_IN_FRAMEWORK_HEADER = YES;
				CLANG_WARN_RANGE_LOOP_ANALYSIS = YES;
				CLANG_WARN_STRICT_PROTOTYPES = YES;
				CLANG_WARN_SUSPICIOUS_MOVE = YES;
				CLANG_WARN_UNGUARDED_AVAILABILITY = YES_AGGRESSIVE;
				CLANG_WARN_UNREACHABLE_CODE = YES;
				CLANG_WARN__DUPLICATE_METHOD_MATCH = YES;
				COPY_PHASE_STRIP = NO;
				DEBUG_INFORMATION_FORMAT = "dwarf-with-dsym";
				ENABLE_NS_ASSERTIONS = NO;
				ENABLE_STRICT_OBJC_MSGSEND = YES;
				GCC_C_LANGUAGE_STANDARD = gnu11;
				GCC_NO_COMMON_BLOCKS = YES;
				GCC_WARN_64_TO_32_BIT_CONVERSION = YES;
				GCC_WARN_ABOUT_RETURN_TYPE = YES_ERROR;
				GCC_WARN_UNDECLARED_SELECTOR = YES;
				GCC_WARN_UNINITIALIZED_AUTOS = YES_AGGRESSIVE;
				GCC_WARN_UNUSED_FUNCTION = YES;
				GCC_WARN_UNUSED_VARIABLE = YES;
				IPHONEOS_DEPLOYMENT_TARGET = 16.4;
				MTL_ENABLE_DEBUG_INFO = NO;
				MTL_FAST_MATH = YES;
				SDKROOT = iphoneos;
				SWIFT_COMPILATION_MODE = wholemodule;
				SWIFT_OPTIMIZATION_LEVEL = "-O";
				VALIDATE_PRODUCT = YES;
			};
			name = Release;
		};
		ED957B932B8CD64E00761177 /* Debug */ = {
			isa = XCBuildConfiguration;
			buildSettings = {
				ASSETCATALOG_COMPILER_APPICON_NAME = AppIcon;
				ASSETCATALOG_COMPILER_GLOBAL_ACCENT_COLOR_NAME = AccentColor;
				CODE_SIGN_STYLE = Automatic;
				CURRENT_PROJECT_VERSION = 1;
				GENERATE_INFOPLIST_FILE = YES;
				INFOPLIST_FILE = Recipely/Info.plist;
				INFOPLIST_KEY_UIApplicationSupportsIndirectInputEvents = YES;
				INFOPLIST_KEY_UILaunchStoryboardName = LaunchScreen;
				INFOPLIST_KEY_UIMainStoryboardFile = Main;
				INFOPLIST_KEY_UISupportedInterfaceOrientations_iPad = "UIInterfaceOrientationPortrait UIInterfaceOrientationPortraitUpsideDown UIInterfaceOrientationLandscapeLeft UIInterfaceOrientationLandscapeRight";
				INFOPLIST_KEY_UISupportedInterfaceOrientations_iPhone = "UIInterfaceOrientationPortrait UIInterfaceOrientationLandscapeLeft UIInterfaceOrientationLandscapeRight";
				LD_RUNPATH_SEARCH_PATHS = (
					"$(inherited)",
					"@executable_path/Frameworks",
				);
				MARKETING_VERSION = 1.0;
				PRODUCT_BUNDLE_IDENTIFIER = ru.helendud.Recipely;
				PRODUCT_NAME = "$(TARGET_NAME)";
				SWIFT_EMIT_LOC_STRINGS = YES;
				SWIFT_VERSION = 5.0;
				TARGETED_DEVICE_FAMILY = "1,2";
			};
			name = Debug;
		};
		ED957B942B8CD64E00761177 /* Release */ = {
			isa = XCBuildConfiguration;
			buildSettings = {
				ASSETCATALOG_COMPILER_APPICON_NAME = AppIcon;
				ASSETCATALOG_COMPILER_GLOBAL_ACCENT_COLOR_NAME = AccentColor;
				CODE_SIGN_STYLE = Automatic;
				CURRENT_PROJECT_VERSION = 1;
				GENERATE_INFOPLIST_FILE = YES;
				INFOPLIST_FILE = Recipely/Info.plist;
				INFOPLIST_KEY_UIApplicationSupportsIndirectInputEvents = YES;
				INFOPLIST_KEY_UILaunchStoryboardName = LaunchScreen;
				INFOPLIST_KEY_UIMainStoryboardFile = Main;
				INFOPLIST_KEY_UISupportedInterfaceOrientations_iPad = "UIInterfaceOrientationPortrait UIInterfaceOrientationPortraitUpsideDown UIInterfaceOrientationLandscapeLeft UIInterfaceOrientationLandscapeRight";
				INFOPLIST_KEY_UISupportedInterfaceOrientations_iPhone = "UIInterfaceOrientationPortrait UIInterfaceOrientationLandscapeLeft UIInterfaceOrientationLandscapeRight";
				LD_RUNPATH_SEARCH_PATHS = (
					"$(inherited)",
					"@executable_path/Frameworks",
				);
				MARKETING_VERSION = 1.0;
				PRODUCT_BUNDLE_IDENTIFIER = ru.helendud.Recipely;
				PRODUCT_NAME = "$(TARGET_NAME)";
				SWIFT_EMIT_LOC_STRINGS = YES;
				SWIFT_VERSION = 5.0;
				TARGETED_DEVICE_FAMILY = "1,2";
			};
			name = Release;
		};
/* End XCBuildConfiguration section */

/* Begin XCConfigurationList section */
		ED957B792B8CD64C00761177 /* Build configuration list for PBXProject "Recipely" */ = {
			isa = XCConfigurationList;
			buildConfigurations = (
				ED957B902B8CD64E00761177 /* Debug */,
				ED957B912B8CD64E00761177 /* Release */,
			);
			defaultConfigurationIsVisible = 0;
			defaultConfigurationName = Release;
		};
		ED957B922B8CD64E00761177 /* Build configuration list for PBXNativeTarget "Recipely" */ = {
			isa = XCConfigurationList;
			buildConfigurations = (
				ED957B932B8CD64E00761177 /* Debug */,
				ED957B942B8CD64E00761177 /* Release */,
			);
			defaultConfigurationIsVisible = 0;
			defaultConfigurationName = Release;
		};
/* End XCConfigurationList section */
	};
	rootObject = ED957B762B8CD64C00761177 /* Project object */;
}
